// !$*UTF8*$!
{
	archiveVersion = 1;
	classes = {
	};
	objectVersion = 46;
	objects = {

/* Begin PBXBuildFile section */
		000758E7136E46850067644F /* MMContentAssembler.m in Sources */ = {isa = PBXBuildFile; fileRef = 009EE527136E1215008EEEA5 /* MMContentAssembler.m */; };
		000758E8136E46860067644F /* MMContent.m in Sources */ = {isa = PBXBuildFile; fileRef = 009EE52D136E1215008EEEA5 /* MMContent.m */; };
		000758EE136E46A70067644F /* MMContentAssembler.h in Headers */ = {isa = PBXBuildFile; fileRef = 009EE526136E1215008EEEA5 /* MMContentAssembler.h */; settings = {ATTRIBUTES = (Public, ); }; };
		000758F0136E46A70067644F /* MMContent.h in Headers */ = {isa = PBXBuildFile; fileRef = 009EE52C136E1215008EEEA5 /* MMContent.h */; settings = {ATTRIBUTES = (Public, ); }; };
		00323DB6132C2A96003BED87 /* Cocoa.framework in Frameworks */ = {isa = PBXBuildFile; fileRef = 00323DB5132C2A96003BED87 /* Cocoa.framework */; };
		00323DD2132C2B21003BED87 /* Foundation.framework in Frameworks */ = {isa = PBXBuildFile; fileRef = 00323DA0132C29A8003BED87 /* Foundation.framework */; };
		004BBE421380877600B9639B /* MMLibrary.h in Headers */ = {isa = PBXBuildFile; fileRef = 004BBE321380877600B9639B /* MMLibrary.h */; settings = {ATTRIBUTES = (Public, ); }; };
		004BBE431380877600B9639B /* MMLibrary.m in Sources */ = {isa = PBXBuildFile; fileRef = 004BBE331380877600B9639B /* MMLibrary.m */; };
		004BBE441380877600B9639B /* MMPlaylist.h in Headers */ = {isa = PBXBuildFile; fileRef = 004BBE351380877600B9639B /* MMPlaylist.h */; settings = {ATTRIBUTES = (Public, ); }; };
		004BBE451380877600B9639B /* MMPlaylist.m in Sources */ = {isa = PBXBuildFile; fileRef = 004BBE361380877600B9639B /* MMPlaylist.m */; };
		004BBE461380877600B9639B /* MMPlaylistProtected.h in Headers */ = {isa = PBXBuildFile; fileRef = 004BBE371380877600B9639B /* MMPlaylistProtected.h */; settings = {ATTRIBUTES = (Private, ); }; };
		004BBE471380877600B9639B /* MMMoviesPlaylist.h in Headers */ = {isa = PBXBuildFile; fileRef = 004BBE391380877600B9639B /* MMMoviesPlaylist.h */; settings = {ATTRIBUTES = (Public, ); }; };
		004BBE481380877600B9639B /* MMMoviesPlaylist.m in Sources */ = {isa = PBXBuildFile; fileRef = 004BBE3A1380877600B9639B /* MMMoviesPlaylist.m */; };
		004BBE491380877600B9639B /* MMMusicPlaylist.h in Headers */ = {isa = PBXBuildFile; fileRef = 004BBE3C1380877600B9639B /* MMMusicPlaylist.h */; settings = {ATTRIBUTES = (Public, ); }; };
		004BBE4A1380877600B9639B /* MMMusicPlaylist.m in Sources */ = {isa = PBXBuildFile; fileRef = 004BBE3D1380877600B9639B /* MMMusicPlaylist.m */; };
		004BBE4B1380877600B9639B /* MMGenericPlaylist.h in Headers */ = {isa = PBXBuildFile; fileRef = 004BBE3F1380877600B9639B /* MMGenericPlaylist.h */; settings = {ATTRIBUTES = (Public, ); }; };
		004BBE4C1380877600B9639B /* MMGenericPlaylist.m in Sources */ = {isa = PBXBuildFile; fileRef = 004BBE401380877600B9639B /* MMGenericPlaylist.m */; };
		004BBE5B13808E3B00B9639B /* MMLibrary.m in Sources */ = {isa = PBXBuildFile; fileRef = 004BBE331380877600B9639B /* MMLibrary.m */; };
		004BBE5C13808E3B00B9639B /* MMMoviesPlaylist.m in Sources */ = {isa = PBXBuildFile; fileRef = 004BBE3A1380877600B9639B /* MMMoviesPlaylist.m */; };
		004BBE5D13808E3B00B9639B /* MMMusicPlaylist.m in Sources */ = {isa = PBXBuildFile; fileRef = 004BBE3D1380877600B9639B /* MMMusicPlaylist.m */; };
		004BBE5E13808E3C00B9639B /* MMGenericPlaylist.m in Sources */ = {isa = PBXBuildFile; fileRef = 004BBE401380877600B9639B /* MMGenericPlaylist.m */; };
		004BBE5F13808E3C00B9639B /* MMPlaylist.m in Sources */ = {isa = PBXBuildFile; fileRef = 004BBE361380877600B9639B /* MMPlaylist.m */; };
		004BBE6113808E4A00B9639B /* MMLibrary.h in Headers */ = {isa = PBXBuildFile; fileRef = 004BBE321380877600B9639B /* MMLibrary.h */; settings = {ATTRIBUTES = (Public, ); }; };
		004BBE6213808E4A00B9639B /* MMMoviesPlaylist.h in Headers */ = {isa = PBXBuildFile; fileRef = 004BBE391380877600B9639B /* MMMoviesPlaylist.h */; settings = {ATTRIBUTES = (Public, ); }; };
		004BBE6313808E4A00B9639B /* MMMusicPlaylist.h in Headers */ = {isa = PBXBuildFile; fileRef = 004BBE3C1380877600B9639B /* MMMusicPlaylist.h */; settings = {ATTRIBUTES = (Public, ); }; };
		004BBE6413808E4A00B9639B /* MMGenericPlaylist.h in Headers */ = {isa = PBXBuildFile; fileRef = 004BBE3F1380877600B9639B /* MMGenericPlaylist.h */; settings = {ATTRIBUTES = (Public, ); }; };
		004BBE6513808E4A00B9639B /* MMPlaylist.h in Headers */ = {isa = PBXBuildFile; fileRef = 004BBE351380877600B9639B /* MMPlaylist.h */; settings = {ATTRIBUTES = (Public, ); }; };
		004BBE6613808E5700B9639B /* MMPlaylistProtected.h in Headers */ = {isa = PBXBuildFile; fileRef = 004BBE371380877600B9639B /* MMPlaylistProtected.h */; settings = {ATTRIBUTES = (Private, ); }; };
		007719A9137E3A84009A9ADB /* MMContentList.h in Headers */ = {isa = PBXBuildFile; fileRef = 007719A7137E3A84009A9ADB /* MMContentList.h */; settings = {ATTRIBUTES = (Public, ); }; };
		007719AA137E3A84009A9ADB /* MMContentList.h in Headers */ = {isa = PBXBuildFile; fileRef = 007719A7137E3A84009A9ADB /* MMContentList.h */; settings = {ATTRIBUTES = (Public, ); }; };
		007719AB137E3A84009A9ADB /* MMContentList.m in Sources */ = {isa = PBXBuildFile; fileRef = 007719A8137E3A84009A9ADB /* MMContentList.m */; };
		007719AC137E3A84009A9ADB /* MMContentList.m in Sources */ = {isa = PBXBuildFile; fileRef = 007719A8137E3A84009A9ADB /* MMContentList.m */; };
		009EE531136E1215008EEEA5 /* MMContentAssembler.h in Headers */ = {isa = PBXBuildFile; fileRef = 009EE526136E1215008EEEA5 /* MMContentAssembler.h */; settings = {ATTRIBUTES = (Public, ); }; };
		009EE532136E1215008EEEA5 /* MMContentAssembler.m in Sources */ = {isa = PBXBuildFile; fileRef = 009EE527136E1215008EEEA5 /* MMContentAssembler.m */; };
		009EE534136E1215008EEEA5 /* MMContent.h in Headers */ = {isa = PBXBuildFile; fileRef = 009EE52C136E1215008EEEA5 /* MMContent.h */; settings = {ATTRIBUTES = (Public, ); }; };
		009EE535136E1215008EEEA5 /* MMContent.m in Sources */ = {isa = PBXBuildFile; fileRef = 009EE52D136E1215008EEEA5 /* MMContent.m */; };
		00FC747B1380C9BB0057747B /* MMContentGroup.h in Headers */ = {isa = PBXBuildFile; fileRef = 00FC74791380C9BB0057747B /* MMContentGroup.h */; settings = {ATTRIBUTES = (Private, ); }; };
		00FC747C1380C9BB0057747B /* MMContentGroup.m in Sources */ = {isa = PBXBuildFile; fileRef = 00FC747A1380C9BB0057747B /* MMContentGroup.m */; };
		00FC747E1380DAB80057747B /* MMContentGroup.h in Headers */ = {isa = PBXBuildFile; fileRef = 00FC74791380C9BB0057747B /* MMContentGroup.h */; settings = {ATTRIBUTES = (Private, ); }; };
		00FC747F1380DAC50057747B /* MMContentGroup.m in Sources */ = {isa = PBXBuildFile; fileRef = 00FC747A1380C9BB0057747B /* MMContentGroup.m */; };
/* End PBXBuildFile section */

/* Begin PBXFileReference section */
		00323DA0132C29A8003BED87 /* Foundation.framework */ = {isa = PBXFileReference; lastKnownFileType = wrapper.framework; name = Foundation.framework; path = System/Library/Frameworks/Foundation.framework; sourceTree = SDKROOT; };
		00323DA4132C29A8003BED87 /* MediaManagementCommon-Prefix.pch */ = {isa = PBXFileReference; lastKnownFileType = sourcecode.c.h; path = "MediaManagementCommon-Prefix.pch"; sourceTree = "<group>"; };
		00323DB5132C2A96003BED87 /* Cocoa.framework */ = {isa = PBXFileReference; lastKnownFileType = wrapper.framework; name = Cocoa.framework; path = System/Library/Frameworks/Cocoa.framework; sourceTree = SDKROOT; };
		004BBE321380877600B9639B /* MMLibrary.h */ = {isa = PBXFileReference; fileEncoding = 4; lastKnownFileType = sourcecode.c.h; path = MMLibrary.h; sourceTree = "<group>"; };
		004BBE331380877600B9639B /* MMLibrary.m */ = {isa = PBXFileReference; fileEncoding = 4; lastKnownFileType = sourcecode.c.objc; path = MMLibrary.m; sourceTree = "<group>"; };
		004BBE351380877600B9639B /* MMPlaylist.h */ = {isa = PBXFileReference; fileEncoding = 4; lastKnownFileType = sourcecode.c.h; path = MMPlaylist.h; sourceTree = "<group>"; };
		004BBE361380877600B9639B /* MMPlaylist.m */ = {isa = PBXFileReference; fileEncoding = 4; lastKnownFileType = sourcecode.c.objc; path = MMPlaylist.m; sourceTree = "<group>"; };
		004BBE371380877600B9639B /* MMPlaylistProtected.h */ = {isa = PBXFileReference; fileEncoding = 4; lastKnownFileType = sourcecode.c.h; path = MMPlaylistProtected.h; sourceTree = "<group>"; };
		004BBE391380877600B9639B /* MMMoviesPlaylist.h */ = {isa = PBXFileReference; fileEncoding = 4; lastKnownFileType = sourcecode.c.h; path = MMMoviesPlaylist.h; sourceTree = "<group>"; };
		004BBE3A1380877600B9639B /* MMMoviesPlaylist.m */ = {isa = PBXFileReference; fileEncoding = 4; lastKnownFileType = sourcecode.c.objc; path = MMMoviesPlaylist.m; sourceTree = "<group>"; };
		004BBE3C1380877600B9639B /* MMMusicPlaylist.h */ = {isa = PBXFileReference; fileEncoding = 4; lastKnownFileType = sourcecode.c.h; path = MMMusicPlaylist.h; sourceTree = "<group>"; };
		004BBE3D1380877600B9639B /* MMMusicPlaylist.m */ = {isa = PBXFileReference; fileEncoding = 4; lastKnownFileType = sourcecode.c.objc; path = MMMusicPlaylist.m; sourceTree = "<group>"; };
		004BBE3F1380877600B9639B /* MMGenericPlaylist.h */ = {isa = PBXFileReference; fileEncoding = 4; lastKnownFileType = sourcecode.c.h; path = MMGenericPlaylist.h; sourceTree = "<group>"; };
		004BBE401380877600B9639B /* MMGenericPlaylist.m */ = {isa = PBXFileReference; fileEncoding = 4; lastKnownFileType = sourcecode.c.objc; path = MMGenericPlaylist.m; sourceTree = "<group>"; };
		007719A7137E3A84009A9ADB /* MMContentList.h */ = {isa = PBXFileReference; fileEncoding = 4; lastKnownFileType = sourcecode.c.h; path = MMContentList.h; sourceTree = "<group>"; };
		007719A8137E3A84009A9ADB /* MMContentList.m */ = {isa = PBXFileReference; fileEncoding = 4; lastKnownFileType = sourcecode.c.objc; path = MMContentList.m; sourceTree = "<group>"; };
		009EE526136E1215008EEEA5 /* MMContentAssembler.h */ = {isa = PBXFileReference; fileEncoding = 4; lastKnownFileType = sourcecode.c.h; path = MMContentAssembler.h; sourceTree = "<group>"; };
		009EE527136E1215008EEEA5 /* MMContentAssembler.m */ = {isa = PBXFileReference; fileEncoding = 4; lastKnownFileType = sourcecode.c.objc; path = MMContentAssembler.m; sourceTree = "<group>"; };
		009EE52C136E1215008EEEA5 /* MMContent.h */ = {isa = PBXFileReference; fileEncoding = 4; lastKnownFileType = sourcecode.c.h; path = MMContent.h; sourceTree = "<group>"; };
		009EE52D136E1215008EEEA5 /* MMContent.m */ = {isa = PBXFileReference; fileEncoding = 4; lastKnownFileType = sourcecode.c.objc; path = MMContent.m; sourceTree = "<group>"; };
		00B3F8A8132C2CDF003A4FCD /* libmedia-management-common-arm.a */ = {isa = PBXFileReference; explicitFileType = archive.ar; includeInIndex = 0; path = "libmedia-management-common-arm.a"; sourceTree = BUILT_PRODUCTS_DIR; };
		00B3F8A9132C2CF1003A4FCD /* libmedia-management-common.a */ = {isa = PBXFileReference; explicitFileType = archive.ar; includeInIndex = 0; path = "libmedia-management-common.a"; sourceTree = BUILT_PRODUCTS_DIR; };
		00FC74791380C9BB0057747B /* MMContentGroup.h */ = {isa = PBXFileReference; fileEncoding = 4; lastKnownFileType = sourcecode.c.h; path = MMContentGroup.h; sourceTree = "<group>"; };
		00FC747A1380C9BB0057747B /* MMContentGroup.m */ = {isa = PBXFileReference; fileEncoding = 4; lastKnownFileType = sourcecode.c.objc; path = MMContentGroup.m; sourceTree = "<group>"; };
/* End PBXFileReference section */

/* Begin PBXFrameworksBuildPhase section */
		00323DB1132C2A96003BED87 /* Frameworks */ = {
			isa = PBXFrameworksBuildPhase;
			buildActionMask = 2147483647;
			files = (
				00323DB6132C2A96003BED87 /* Cocoa.framework in Frameworks */,
			);
			runOnlyForDeploymentPostprocessing = 0;
		};
		00323DD1132C2B21003BED87 /* Frameworks */ = {
			isa = PBXFrameworksBuildPhase;
			buildActionMask = 2147483647;
			files = (
				00323DD2132C2B21003BED87 /* Foundation.framework in Frameworks */,
			);
			runOnlyForDeploymentPostprocessing = 0;
		};
/* End PBXFrameworksBuildPhase section */

/* Begin PBXGroup section */
		00323D92132C29A8003BED87 = {
			isa = PBXGroup;
			children = (
				00323DD9132C2B21003BED87 /* Resources-iPad */,
				00323DA2132C29A8003BED87 /* MediaManagementCommon */,
				00323D9F132C29A8003BED87 /* Frameworks */,
				00323D9E132C29A8003BED87 /* Products */,
			);
			sourceTree = "<group>";
		};
		00323D9E132C29A8003BED87 /* Products */ = {
			isa = PBXGroup;
			children = (
				00B3F8A8132C2CDF003A4FCD /* libmedia-management-common-arm.a */,
				00B3F8A9132C2CF1003A4FCD /* libmedia-management-common.a */,
			);
			name = Products;
			sourceTree = "<group>";
		};
		00323D9F132C29A8003BED87 /* Frameworks */ = {
			isa = PBXGroup;
			children = (
				00323DA0132C29A8003BED87 /* Foundation.framework */,
				00323DB5132C2A96003BED87 /* Cocoa.framework */,
			);
			name = Frameworks;
			sourceTree = "<group>";
		};
		00323DA2132C29A8003BED87 /* MediaManagementCommon */ = {
			isa = PBXGroup;
			children = (
				009EE525136E1215008EEEA5 /* assembler */,
				009EE528136E1215008EEEA5 /* domain */,
				00323DA3132C29A8003BED87 /* Supporting Files */,
			);
			path = MediaManagementCommon;
			sourceTree = "<group>";
		};
		00323DA3132C29A8003BED87 /* Supporting Files */ = {
			isa = PBXGroup;
			children = (
				00323DA4132C29A8003BED87 /* MediaManagementCommon-Prefix.pch */,
			);
			name = "Supporting Files";
			sourceTree = "<group>";
		};
		00323DD9132C2B21003BED87 /* Resources-iPad */ = {
			isa = PBXGroup;
			children = (
			);
			name = "Resources-iPad";
			sourceTree = "<group>";
		};
		004BBE311380877600B9639B /* library */ = {
			isa = PBXGroup;
			children = (
				004BBE321380877600B9639B /* MMLibrary.h */,
				004BBE331380877600B9639B /* MMLibrary.m */,
			);
			path = library;
			sourceTree = "<group>";
		};
		004BBE341380877600B9639B /* playlist */ = {
			isa = PBXGroup;
			children = (
				004BBE3E1380877600B9639B /* generic */,
				004BBE381380877600B9639B /* movies */,
				004BBE3B1380877600B9639B /* music */,
				004BBE411380877600B9639B /* shows */,
				004BBE351380877600B9639B /* MMPlaylist.h */,
				004BBE361380877600B9639B /* MMPlaylist.m */,
				004BBE371380877600B9639B /* MMPlaylistProtected.h */,
			);
			path = playlist;
			sourceTree = "<group>";
		};
		004BBE381380877600B9639B /* movies */ = {
			isa = PBXGroup;
			children = (
				004BBE391380877600B9639B /* MMMoviesPlaylist.h */,
				004BBE3A1380877600B9639B /* MMMoviesPlaylist.m */,
			);
			path = movies;
			sourceTree = "<group>";
		};
		004BBE3B1380877600B9639B /* music */ = {
			isa = PBXGroup;
			children = (
				004BBE3C1380877600B9639B /* MMMusicPlaylist.h */,
				004BBE3D1380877600B9639B /* MMMusicPlaylist.m */,
			);
			path = music;
			sourceTree = "<group>";
		};
		004BBE3E1380877600B9639B /* generic */ = {
			isa = PBXGroup;
			children = (
				004BBE3F1380877600B9639B /* MMGenericPlaylist.h */,
				004BBE401380877600B9639B /* MMGenericPlaylist.m */,
			);
			name = generic;
			path = server;
			sourceTree = "<group>";
		};
		004BBE411380877600B9639B /* shows */ = {
			isa = PBXGroup;
			children = (
			);
			path = shows;
			sourceTree = "<group>";
		};
		009EE525136E1215008EEEA5 /* assembler */ = {
			isa = PBXGroup;
			children = (
				009EE526136E1215008EEEA5 /* MMContentAssembler.h */,
				009EE527136E1215008EEEA5 /* MMContentAssembler.m */,
			);
			path = assembler;
			sourceTree = "<group>";
		};
		009EE528136E1215008EEEA5 /* domain */ = {
			isa = PBXGroup;
			children = (
				009EE52B136E1215008EEEA5 /* content */,
				004BBE311380877600B9639B /* library */,
				004BBE341380877600B9639B /* playlist */,
			);
			path = domain;
			sourceTree = "<group>";
		};
		009EE52B136E1215008EEEA5 /* content */ = {
			isa = PBXGroup;
			children = (
				009EE52C136E1215008EEEA5 /* MMContent.h */,
				009EE52D136E1215008EEEA5 /* MMContent.m */,
				007719A7137E3A84009A9ADB /* MMContentList.h */,
				007719A8137E3A84009A9ADB /* MMContentList.m */,
				00FC74791380C9BB0057747B /* MMContentGroup.h */,
				00FC747A1380C9BB0057747B /* MMContentGroup.m */,
			);
			path = content;
			sourceTree = "<group>";
		};
/* End PBXGroup section */

/* Begin PBXHeadersBuildPhase section */
		00323DB2132C2A96003BED87 /* Headers */ = {
			isa = PBXHeadersBuildPhase;
			buildActionMask = 2147483647;
			files = (
				000758EE136E46A70067644F /* MMContentAssembler.h in Headers */,
				000758F0136E46A70067644F /* MMContent.h in Headers */,
				004BBE6113808E4A00B9639B /* MMLibrary.h in Headers */,
				004BBE6213808E4A00B9639B /* MMMoviesPlaylist.h in Headers */,
				004BBE6313808E4A00B9639B /* MMMusicPlaylist.h in Headers */,
				004BBE6413808E4A00B9639B /* MMGenericPlaylist.h in Headers */,
				004BBE6513808E4A00B9639B /* MMPlaylist.h in Headers */,
				007719AA137E3A84009A9ADB /* MMContentList.h in Headers */,
				00FC747E1380DAB80057747B /* MMContentGroup.h in Headers */,
				004BBE6613808E5700B9639B /* MMPlaylistProtected.h in Headers */,
			);
			runOnlyForDeploymentPostprocessing = 0;
		};
		00323DD3132C2B21003BED87 /* Headers */ = {
			isa = PBXHeadersBuildPhase;
			buildActionMask = 2147483647;
			files = (
				009EE531136E1215008EEEA5 /* MMContentAssembler.h in Headers */,
				009EE534136E1215008EEEA5 /* MMContent.h in Headers */,
				007719A9137E3A84009A9ADB /* MMContentList.h in Headers */,
				004BBE421380877600B9639B /* MMLibrary.h in Headers */,
				004BBE441380877600B9639B /* MMPlaylist.h in Headers */,
				004BBE471380877600B9639B /* MMMoviesPlaylist.h in Headers */,
				004BBE491380877600B9639B /* MMMusicPlaylist.h in Headers */,
				004BBE4B1380877600B9639B /* MMGenericPlaylist.h in Headers */,
				004BBE461380877600B9639B /* MMPlaylistProtected.h in Headers */,
				00FC747B1380C9BB0057747B /* MMContentGroup.h in Headers */,
			);
			runOnlyForDeploymentPostprocessing = 0;
		};
/* End PBXHeadersBuildPhase section */

/* Begin PBXNativeTarget section */
		00323DB3132C2A96003BED87 /* media-management-common-x86 */ = {
			isa = PBXNativeTarget;
			buildConfigurationList = 00323DBE132C2A96003BED87 /* Build configuration list for PBXNativeTarget "media-management-common-x86" */;
			buildPhases = (
				00323DB0132C2A96003BED87 /* Sources */,
				00323DB1132C2A96003BED87 /* Frameworks */,
				00323DB2132C2A96003BED87 /* Headers */,
			);
			buildRules = (
			);
			dependencies = (
			);
			name = "media-management-common-x86";
			productName = MediaManagementComm;
			productReference = 00B3F8A9132C2CF1003A4FCD /* libmedia-management-common.a */;
			productType = "com.apple.product-type.library.static";
		};
		00323DCE132C2B21003BED87 /* media-management-common-arm */ = {
			isa = PBXNativeTarget;
			buildConfigurationList = 00323DD5132C2B21003BED87 /* Build configuration list for PBXNativeTarget "media-management-common-arm" */;
			buildPhases = (
				00323DCF132C2B21003BED87 /* Sources */,
				00323DD1132C2B21003BED87 /* Frameworks */,
				00323DD3132C2B21003BED87 /* Headers */,
			);
			buildRules = (
			);
			dependencies = (
			);
			name = "media-management-common-arm";
			productName = MediaManagementCommon;
			productReference = 00B3F8A8132C2CDF003A4FCD /* libmedia-management-common-arm.a */;
			productType = "com.apple.product-type.library.static";
		};
/* End PBXNativeTarget section */

/* Begin PBXProject section */
		00323D94132C29A8003BED87 /* Project object */ = {
			isa = PBXProject;
			attributes = {
				ORGANIZATIONNAME = kra;
			};
			buildConfigurationList = 00323D97132C29A8003BED87 /* Build configuration list for PBXProject "MediaManagementCommon" */;
			compatibilityVersion = "Xcode 3.2";
			developmentRegion = English;
			hasScannedForEncodings = 0;
			knownRegions = (
				en,
			);
			mainGroup = 00323D92132C29A8003BED87;
			productRefGroup = 00323D9E132C29A8003BED87 /* Products */;
			projectDirPath = "";
			projectRoot = "";
			targets = (
				00323DCE132C2B21003BED87 /* media-management-common-arm */,
				00323DB3132C2A96003BED87 /* media-management-common-x86 */,
			);
		};
/* End PBXProject section */

/* Begin PBXSourcesBuildPhase section */
		00323DB0132C2A96003BED87 /* Sources */ = {
			isa = PBXSourcesBuildPhase;
			buildActionMask = 2147483647;
			files = (
				00FC747F1380DAC50057747B /* MMContentGroup.m in Sources */,
				004BBE5B13808E3B00B9639B /* MMLibrary.m in Sources */,
				004BBE5C13808E3B00B9639B /* MMMoviesPlaylist.m in Sources */,
				004BBE5D13808E3B00B9639B /* MMMusicPlaylist.m in Sources */,
				004BBE5E13808E3C00B9639B /* MMGenericPlaylist.m in Sources */,
				004BBE5F13808E3C00B9639B /* MMPlaylist.m in Sources */,
				000758E7136E46850067644F /* MMContentAssembler.m in Sources */,
				000758E8136E46860067644F /* MMContent.m in Sources */,
				007719AC137E3A84009A9ADB /* MMContentList.m in Sources */,
			);
			runOnlyForDeploymentPostprocessing = 0;
		};
		00323DCF132C2B21003BED87 /* Sources */ = {
			isa = PBXSourcesBuildPhase;
			buildActionMask = 2147483647;
			files = (
				009EE532136E1215008EEEA5 /* MMContentAssembler.m in Sources */,
				009EE535136E1215008EEEA5 /* MMContent.m in Sources */,
				007719AB137E3A84009A9ADB /* MMContentList.m in Sources */,
				004BBE431380877600B9639B /* MMLibrary.m in Sources */,
				004BBE451380877600B9639B /* MMPlaylist.m in Sources */,
				004BBE481380877600B9639B /* MMMoviesPlaylist.m in Sources */,
				004BBE4A1380877600B9639B /* MMMusicPlaylist.m in Sources */,
				004BBE4C1380877600B9639B /* MMGenericPlaylist.m in Sources */,
				00FC747C1380C9BB0057747B /* MMContentGroup.m in Sources */,
			);
			runOnlyForDeploymentPostprocessing = 0;
		};
/* End PBXSourcesBuildPhase section */

/* Begin XCBuildConfiguration section */
		00323DA5132C29A8003BED87 /* Debug */ = {
			isa = XCBuildConfiguration;
			buildSettings = {
				ARCHS = "$(ARCHS_STANDARD_32_BIT)";
				GCC_C_LANGUAGE_STANDARD = gnu99;
				GCC_OPTIMIZATION_LEVEL = 0;
				GCC_PREPROCESSOR_DEFINITIONS = DEBUG;
				GCC_SYMBOLS_PRIVATE_EXTERN = NO;
				GCC_VERSION = com.apple.compilers.llvmgcc42;
				GCC_WARN_ABOUT_RETURN_TYPE = YES;
				GCC_WARN_UNUSED_VARIABLE = YES;
				IPHONEOS_DEPLOYMENT_TARGET = 4.3;
				SDKROOT = iphoneos;
			};
			name = Debug;
		};
		00323DA6132C29A8003BED87 /* Release */ = {
			isa = XCBuildConfiguration;
			buildSettings = {
				ARCHS = "$(ARCHS_STANDARD_32_BIT)";
				GCC_C_LANGUAGE_STANDARD = gnu99;
				GCC_VERSION = com.apple.compilers.llvmgcc42;
				GCC_WARN_ABOUT_RETURN_TYPE = YES;
				GCC_WARN_UNUSED_VARIABLE = YES;
				IPHONEOS_DEPLOYMENT_TARGET = 4.3;
				SDKROOT = iphoneos;
			};
			name = Release;
		};
		00323DBF132C2A96003BED87 /* Debug */ = {
			isa = XCBuildConfiguration;
			buildSettings = {
				ALWAYS_SEARCH_USER_PATHS = NO;
				ARCHS = "$(ARCHS_STANDARD_32_64_BIT)";
				COPY_PHASE_STRIP = NO;
				GCC_DYNAMIC_NO_PIC = NO;
				GCC_ENABLE_OBJC_EXCEPTIONS = YES;
				GCC_ENABLE_OBJC_GC = unsupported;
				GCC_PRECOMPILE_PREFIX_HEADER = YES;
				GCC_PREFIX_HEADER = "MediaManagementCommon/MediaManagementCommon-Prefix.pch";
				GCC_VERSION = com.apple.compilers.llvm.clang.1_0;
				GCC_WARN_64_TO_32_BIT_CONVERSION = YES;
				LIBRARY_SEARCH_PATHS = (
					"$(inherited)",
					"\"$(SRCROOT)/Frameworks/JSON/x86\"",
				);
				MACOSX_DEPLOYMENT_TARGET = 10.6;
				ONLY_ACTIVE_ARCH = NO;
				PRIVATE_HEADERS_FOLDER_PATH = /usr/local/include/MediaManagement;
				PRODUCT_NAME = "media-management-common";
				PUBLIC_HEADERS_FOLDER_PATH = /usr/local/include/MediaManagement;
				SDKROOT = macosx;
			};
			name = Debug;
		};
		00323DC0132C2A96003BED87 /* Release */ = {
			isa = XCBuildConfiguration;
			buildSettings = {
				ALWAYS_SEARCH_USER_PATHS = NO;
				ARCHS = "$(ARCHS_STANDARD_32_64_BIT)";
				COPY_PHASE_STRIP = YES;
				DEBUG_INFORMATION_FORMAT = "dwarf-with-dsym";
				GCC_ENABLE_OBJC_EXCEPTIONS = YES;
				GCC_ENABLE_OBJC_GC = unsupported;
				GCC_PRECOMPILE_PREFIX_HEADER = YES;
				GCC_PREFIX_HEADER = "MediaManagementCommon/MediaManagementCommon-Prefix.pch";
				GCC_VERSION = com.apple.compilers.llvm.clang.1_0;
				GCC_WARN_64_TO_32_BIT_CONVERSION = YES;
				LIBRARY_SEARCH_PATHS = (
					"$(inherited)",
					"\"$(SRCROOT)/Frameworks/JSON/x86\"",
				);
				MACOSX_DEPLOYMENT_TARGET = 10.6;
				PRIVATE_HEADERS_FOLDER_PATH = /usr/local/include/MediaManagement;
				PRODUCT_NAME = "media-management-common";
				PUBLIC_HEADERS_FOLDER_PATH = /usr/local/include/MediaManagement;
				SDKROOT = macosx;
			};
			name = Release;
		};
		00323DD6132C2B21003BED87 /* Debug */ = {
			isa = XCBuildConfiguration;
			buildSettings = {
				ALWAYS_SEARCH_USER_PATHS = NO;
				DSTROOT = /tmp/MediaManagementCommon.dst;
				GCC_PRECOMPILE_PREFIX_HEADER = YES;
				GCC_PREFIX_HEADER = "MediaManagementCommon/MediaManagementCommon-Prefix.pch";
				IPHONEOS_DEPLOYMENT_TARGET = 4.3;
				LIBRARY_SEARCH_PATHS = (
					"$(inherited)",
					"\"$(SRCROOT)/Frameworks/JSON/x86\"",
				);
				OTHER_LDFLAGS = "-ObjC";
				PRIVATE_HEADERS_FOLDER_PATH = /usr/local/include/MediaManagement;
				PRODUCT_NAME = "media-management-common-arm";
				PUBLIC_HEADERS_FOLDER_PATH = /usr/local/include/MediaManagement;
				TARGETED_DEVICE_FAMILY = 2;
			};
			name = Debug;
		};
		00323DD7132C2B21003BED87 /* Release */ = {
			isa = XCBuildConfiguration;
			buildSettings = {
				ALWAYS_SEARCH_USER_PATHS = NO;
				DSTROOT = /tmp/MediaManagementCommon.dst;
				GCC_PRECOMPILE_PREFIX_HEADER = YES;
				GCC_PREFIX_HEADER = "MediaManagementCommon/MediaManagementCommon-Prefix.pch";
				IPHONEOS_DEPLOYMENT_TARGET = 4.3;
				LIBRARY_SEARCH_PATHS = (
					"$(inherited)",
					"\"$(SRCROOT)/Frameworks/JSON/x86\"",
				);
				OTHER_LDFLAGS = "-ObjC";
				PRIVATE_HEADERS_FOLDER_PATH = /usr/local/include/MediaManagement;
				PRODUCT_NAME = "media-management-common-arm";
				PUBLIC_HEADERS_FOLDER_PATH = /usr/local/include/MediaManagement;
				TARGETED_DEVICE_FAMILY = 2;
			};
			name = Release;
		};
/* End XCBuildConfiguration section */

/* Begin XCConfigurationList section */
		00323D97132C29A8003BED87 /* Build configuration list for PBXProject "MediaManagementCommon" */ = {
			isa = XCConfigurationList;
			buildConfigurations = (
				00323DA5132C29A8003BED87 /* Debug */,
				00323DA6132C29A8003BED87 /* Release */,
			);
			defaultConfigurationIsVisible = 0;
			defaultConfigurationName = Release;
		};
		00323DBE132C2A96003BED87 /* Build configuration list for PBXNativeTarget "media-management-common-x86" */ = {
			isa = XCConfigurationList;
			buildConfigurations = (
				00323DBF132C2A96003BED87 /* Debug */,
				00323DC0132C2A96003BED87 /* Release */,
			);
			defaultConfigurationIsVisible = 0;
			defaultConfigurationName = Release;
		};
		00323DD5132C2B21003BED87 /* Build configuration list for PBXNativeTarget "media-management-common-arm" */ = {
			isa = XCConfigurationList;
			buildConfigurations = (
				00323DD6132C2B21003BED87 /* Debug */,
				00323DD7132C2B21003BED87 /* Release */,
			);
			defaultConfigurationIsVisible = 0;
			defaultConfigurationName = Release;
		};
/* End XCConfigurationList section */
	};
	rootObject = 00323D94132C29A8003BED87 /* Project object */;
}
