// !$*UTF8*$!
{
	archiveVersion = 1;
	classes = {
	};
	objectVersion = 46;
	objects = {

/* Begin PBXBuildFile section */
		000758E4136E46710067644F /* JSONKit.m in Sources */ = {isa = PBXBuildFile; fileRef = 009EE517136DFE33008EEEA5 /* JSONKit.m */; };
		000758E7136E46850067644F /* MMContentAssembler.m in Sources */ = {isa = PBXBuildFile; fileRef = 009EE527136E1215008EEEA5 /* MMContentAssembler.m */; };
		000758E8136E46860067644F /* MMContent.m in Sources */ = {isa = PBXBuildFile; fileRef = 009EE52D136E1215008EEEA5 /* MMContent.m */; };
		000758E9136E46860067644F /* MMAlbum.m in Sources */ = {isa = PBXBuildFile; fileRef = 0046D86A136E305600B8E57B /* MMAlbum.m */; };
		000758EA136E46860067644F /* MMArtist.m in Sources */ = {isa = PBXBuildFile; fileRef = 0046D864136E2FF300B8E57B /* MMArtist.m */; };
		000758EB136E46860067644F /* MMMusicLibrary.m in Sources */ = {isa = PBXBuildFile; fileRef = 0046D85E136E2F2B00B8E57B /* MMMusicLibrary.m */; };
		000758EC136E46860067644F /* MMLibrary.m in Sources */ = {isa = PBXBuildFile; fileRef = 009EE530136E1215008EEEA5 /* MMLibrary.m */; };
		000758ED136E46860067644F /* MMMediaLibrary.m in Sources */ = {isa = PBXBuildFile; fileRef = 0046D870136E3F8100B8E57B /* MMMediaLibrary.m */; };
		000758EE136E46A70067644F /* MMContentAssembler.h in Headers */ = {isa = PBXBuildFile; fileRef = 009EE526136E1215008EEEA5 /* MMContentAssembler.h */; settings = {ATTRIBUTES = (Public, ); }; };
		000758EF136E46A70067644F /* MMContentCollection.h in Headers */ = {isa = PBXBuildFile; fileRef = 009EE52A136E1215008EEEA5 /* MMContentCollection.h */; settings = {ATTRIBUTES = (Public, ); }; };
		000758F0136E46A70067644F /* MMContent.h in Headers */ = {isa = PBXBuildFile; fileRef = 009EE52C136E1215008EEEA5 /* MMContent.h */; settings = {ATTRIBUTES = (Public, ); }; };
		000758F1136E46A70067644F /* MMAlbum.h in Headers */ = {isa = PBXBuildFile; fileRef = 0046D869136E305600B8E57B /* MMAlbum.h */; settings = {ATTRIBUTES = (Public, ); }; };
		000758F2136E46A70067644F /* MMArtist.h in Headers */ = {isa = PBXBuildFile; fileRef = 0046D863136E2FF300B8E57B /* MMArtist.h */; settings = {ATTRIBUTES = (Public, ); }; };
		000758F3136E46A70067644F /* MMMusicLibrary.h in Headers */ = {isa = PBXBuildFile; fileRef = 0046D85D136E2F2B00B8E57B /* MMMusicLibrary.h */; settings = {ATTRIBUTES = (Public, ); }; };
		000758F4136E46A70067644F /* MMLibrary.h in Headers */ = {isa = PBXBuildFile; fileRef = 009EE52F136E1215008EEEA5 /* MMLibrary.h */; settings = {ATTRIBUTES = (Public, ); }; };
		000758F5136E46A70067644F /* MMMediaLibrary.h in Headers */ = {isa = PBXBuildFile; fileRef = 0046D86F136E3F8100B8E57B /* MMMediaLibrary.h */; settings = {ATTRIBUTES = (Public, ); }; };
		000758F6136E46A70067644F /* MMMediaLibraryProtected.h in Headers */ = {isa = PBXBuildFile; fileRef = 0046D851136E23FC00B8E57B /* MMMediaLibraryProtected.h */; settings = {ATTRIBUTES = (Public, ); }; };
		0007590C136E595F0067644F /* MMMoviesMediaLibrary.h in Headers */ = {isa = PBXBuildFile; fileRef = 0007590A136E595F0067644F /* MMMoviesMediaLibrary.h */; };
		0007590D136E595F0067644F /* MMMoviesMediaLibrary.m in Sources */ = {isa = PBXBuildFile; fileRef = 0007590B136E595F0067644F /* MMMoviesMediaLibrary.m */; };
		00075911136E5A820067644F /* MMServerMediaLibrary.h in Headers */ = {isa = PBXBuildFile; fileRef = 0007590F136E5A820067644F /* MMServerMediaLibrary.h */; };
		00075912136E5A820067644F /* MMServerMediaLibrary.h in Headers */ = {isa = PBXBuildFile; fileRef = 0007590F136E5A820067644F /* MMServerMediaLibrary.h */; };
		00075913136E5A820067644F /* MMServerMediaLibrary.m in Sources */ = {isa = PBXBuildFile; fileRef = 00075910136E5A820067644F /* MMServerMediaLibrary.m */; };
		00075914136E5A820067644F /* MMServerMediaLibrary.m in Sources */ = {isa = PBXBuildFile; fileRef = 00075910136E5A820067644F /* MMServerMediaLibrary.m */; };
		00075915136E5AA00067644F /* MMMoviesMediaLibrary.m in Sources */ = {isa = PBXBuildFile; fileRef = 0007590B136E595F0067644F /* MMMoviesMediaLibrary.m */; };
		00323DB6132C2A96003BED87 /* Cocoa.framework in Frameworks */ = {isa = PBXBuildFile; fileRef = 00323DB5132C2A96003BED87 /* Cocoa.framework */; };
		00323DD2132C2B21003BED87 /* Foundation.framework in Frameworks */ = {isa = PBXBuildFile; fileRef = 00323DA0132C29A8003BED87 /* Foundation.framework */; };
		0046D852136E23FC00B8E57B /* MMMediaLibraryProtected.h in Headers */ = {isa = PBXBuildFile; fileRef = 0046D851136E23FC00B8E57B /* MMMediaLibraryProtected.h */; };
		0046D85F136E2F2B00B8E57B /* MMMusicLibrary.h in Headers */ = {isa = PBXBuildFile; fileRef = 0046D85D136E2F2B00B8E57B /* MMMusicLibrary.h */; };
		0046D861136E2F2B00B8E57B /* MMMusicLibrary.m in Sources */ = {isa = PBXBuildFile; fileRef = 0046D85E136E2F2B00B8E57B /* MMMusicLibrary.m */; };
		0046D865136E2FF300B8E57B /* MMArtist.h in Headers */ = {isa = PBXBuildFile; fileRef = 0046D863136E2FF300B8E57B /* MMArtist.h */; };
		0046D867136E2FF300B8E57B /* MMArtist.m in Sources */ = {isa = PBXBuildFile; fileRef = 0046D864136E2FF300B8E57B /* MMArtist.m */; };
		0046D86B136E305700B8E57B /* MMAlbum.h in Headers */ = {isa = PBXBuildFile; fileRef = 0046D869136E305600B8E57B /* MMAlbum.h */; };
		0046D86D136E305700B8E57B /* MMAlbum.m in Sources */ = {isa = PBXBuildFile; fileRef = 0046D86A136E305600B8E57B /* MMAlbum.m */; };
		0046D871136E3F8200B8E57B /* MMMediaLibrary.h in Headers */ = {isa = PBXBuildFile; fileRef = 0046D86F136E3F8100B8E57B /* MMMediaLibrary.h */; };
		0046D872136E3F8200B8E57B /* MMMediaLibrary.m in Sources */ = {isa = PBXBuildFile; fileRef = 0046D870136E3F8100B8E57B /* MMMediaLibrary.m */; };
		009EE519136DFE33008EEEA5 /* JSONKit.h in Headers */ = {isa = PBXBuildFile; fileRef = 009EE516136DFE33008EEEA5 /* JSONKit.h */; };
		009EE51A136DFE33008EEEA5 /* JSONKit.m in Sources */ = {isa = PBXBuildFile; fileRef = 009EE517136DFE33008EEEA5 /* JSONKit.m */; };
		009EE531136E1215008EEEA5 /* MMContentAssembler.h in Headers */ = {isa = PBXBuildFile; fileRef = 009EE526136E1215008EEEA5 /* MMContentAssembler.h */; settings = {ATTRIBUTES = (Public, ); }; };
		009EE532136E1215008EEEA5 /* MMContentAssembler.m in Sources */ = {isa = PBXBuildFile; fileRef = 009EE527136E1215008EEEA5 /* MMContentAssembler.m */; };
		009EE533136E1215008EEEA5 /* MMContentCollection.h in Headers */ = {isa = PBXBuildFile; fileRef = 009EE52A136E1215008EEEA5 /* MMContentCollection.h */; settings = {ATTRIBUTES = (Public, ); }; };
		009EE534136E1215008EEEA5 /* MMContent.h in Headers */ = {isa = PBXBuildFile; fileRef = 009EE52C136E1215008EEEA5 /* MMContent.h */; settings = {ATTRIBUTES = (Public, ); }; };
		009EE535136E1215008EEEA5 /* MMContent.m in Sources */ = {isa = PBXBuildFile; fileRef = 009EE52D136E1215008EEEA5 /* MMContent.m */; };
		009EE536136E1215008EEEA5 /* MMLibrary.h in Headers */ = {isa = PBXBuildFile; fileRef = 009EE52F136E1215008EEEA5 /* MMLibrary.h */; settings = {ATTRIBUTES = (Public, ); }; };
		009EE537136E1215008EEEA5 /* MMLibrary.m in Sources */ = {isa = PBXBuildFile; fileRef = 009EE530136E1215008EEEA5 /* MMLibrary.m */; };
/* End PBXBuildFile section */

/* Begin PBXFileReference section */
		0007590A136E595F0067644F /* MMMoviesMediaLibrary.h */ = {isa = PBXFileReference; fileEncoding = 4; lastKnownFileType = sourcecode.c.h; path = MMMoviesMediaLibrary.h; sourceTree = "<group>"; };
		0007590B136E595F0067644F /* MMMoviesMediaLibrary.m */ = {isa = PBXFileReference; fileEncoding = 4; lastKnownFileType = sourcecode.c.objc; path = MMMoviesMediaLibrary.m; sourceTree = "<group>"; };
		0007590F136E5A820067644F /* MMServerMediaLibrary.h */ = {isa = PBXFileReference; fileEncoding = 4; lastKnownFileType = sourcecode.c.h; path = MMServerMediaLibrary.h; sourceTree = "<group>"; };
		00075910136E5A820067644F /* MMServerMediaLibrary.m */ = {isa = PBXFileReference; fileEncoding = 4; lastKnownFileType = sourcecode.c.objc; path = MMServerMediaLibrary.m; sourceTree = "<group>"; };
		00323DA0132C29A8003BED87 /* Foundation.framework */ = {isa = PBXFileReference; lastKnownFileType = wrapper.framework; name = Foundation.framework; path = System/Library/Frameworks/Foundation.framework; sourceTree = SDKROOT; };
		00323DA4132C29A8003BED87 /* MediaManagementCommon-Prefix.pch */ = {isa = PBXFileReference; lastKnownFileType = sourcecode.c.h; path = "MediaManagementCommon-Prefix.pch"; sourceTree = "<group>"; };
		00323DB5132C2A96003BED87 /* Cocoa.framework */ = {isa = PBXFileReference; lastKnownFileType = wrapper.framework; name = Cocoa.framework; path = System/Library/Frameworks/Cocoa.framework; sourceTree = SDKROOT; };
		00323DB8132C2A96003BED87 /* AppKit.framework */ = {isa = PBXFileReference; lastKnownFileType = wrapper.framework; name = AppKit.framework; path = System/Library/Frameworks/AppKit.framework; sourceTree = SDKROOT; };
		00323DB9132C2A96003BED87 /* CoreData.framework */ = {isa = PBXFileReference; lastKnownFileType = wrapper.framework; name = CoreData.framework; path = System/Library/Frameworks/CoreData.framework; sourceTree = SDKROOT; };
		00323DBA132C2A96003BED87 /* Foundation.framework */ = {isa = PBXFileReference; lastKnownFileType = wrapper.framework; name = Foundation.framework; path = System/Library/Frameworks/Foundation.framework; sourceTree = SDKROOT; };
		0046D851136E23FC00B8E57B /* MMMediaLibraryProtected.h */ = {isa = PBXFileReference; fileEncoding = 4; lastKnownFileType = sourcecode.c.h; path = MMMediaLibraryProtected.h; sourceTree = "<group>"; };
		0046D85D136E2F2B00B8E57B /* MMMusicLibrary.h */ = {isa = PBXFileReference; fileEncoding = 4; lastKnownFileType = sourcecode.c.h; name = MMMusicLibrary.h; path = music/MMMusicLibrary.h; sourceTree = "<group>"; };
		0046D85E136E2F2B00B8E57B /* MMMusicLibrary.m */ = {isa = PBXFileReference; fileEncoding = 4; lastKnownFileType = sourcecode.c.objc; name = MMMusicLibrary.m; path = music/MMMusicLibrary.m; sourceTree = "<group>"; };
		0046D863136E2FF300B8E57B /* MMArtist.h */ = {isa = PBXFileReference; fileEncoding = 4; lastKnownFileType = sourcecode.c.h; name = MMArtist.h; path = music/MMArtist.h; sourceTree = "<group>"; };
		0046D864136E2FF300B8E57B /* MMArtist.m */ = {isa = PBXFileReference; fileEncoding = 4; lastKnownFileType = sourcecode.c.objc; name = MMArtist.m; path = music/MMArtist.m; sourceTree = "<group>"; };
		0046D869136E305600B8E57B /* MMAlbum.h */ = {isa = PBXFileReference; fileEncoding = 4; lastKnownFileType = sourcecode.c.h; name = MMAlbum.h; path = music/MMAlbum.h; sourceTree = "<group>"; };
		0046D86A136E305600B8E57B /* MMAlbum.m */ = {isa = PBXFileReference; fileEncoding = 4; lastKnownFileType = sourcecode.c.objc; name = MMAlbum.m; path = music/MMAlbum.m; sourceTree = "<group>"; };
		0046D86F136E3F8100B8E57B /* MMMediaLibrary.h */ = {isa = PBXFileReference; fileEncoding = 4; lastKnownFileType = sourcecode.c.h; path = MMMediaLibrary.h; sourceTree = "<group>"; };
		0046D870136E3F8100B8E57B /* MMMediaLibrary.m */ = {isa = PBXFileReference; fileEncoding = 4; lastKnownFileType = sourcecode.c.objc; path = MMMediaLibrary.m; sourceTree = "<group>"; };
		009EE4F2136DFE33008EEEA5 /* config */ = {isa = PBXFileReference; fileEncoding = 4; lastKnownFileType = text; path = config; sourceTree = "<group>"; };
		009EE4F3136DFE33008EEEA5 /* description */ = {isa = PBXFileReference; fileEncoding = 4; lastKnownFileType = text; path = description; sourceTree = "<group>"; };
		009EE4F4136DFE33008EEEA5 /* HEAD */ = {isa = PBXFileReference; fileEncoding = 4; lastKnownFileType = text; path = HEAD; sourceTree = "<group>"; };
		009EE4F6136DFE33008EEEA5 /* applypatch-msg.sample */ = {isa = PBXFileReference; fileEncoding = 4; lastKnownFileType = text.script.sh; path = "applypatch-msg.sample"; sourceTree = "<group>"; };
		009EE4F7136DFE33008EEEA5 /* commit-msg.sample */ = {isa = PBXFileReference; fileEncoding = 4; lastKnownFileType = text.script.sh; path = "commit-msg.sample"; sourceTree = "<group>"; };
		009EE4F8136DFE33008EEEA5 /* post-commit.sample */ = {isa = PBXFileReference; fileEncoding = 4; lastKnownFileType = text.script.sh; path = "post-commit.sample"; sourceTree = "<group>"; };
		009EE4F9136DFE33008EEEA5 /* post-receive.sample */ = {isa = PBXFileReference; fileEncoding = 4; lastKnownFileType = text.script.sh; path = "post-receive.sample"; sourceTree = "<group>"; };
		009EE4FA136DFE33008EEEA5 /* post-update.sample */ = {isa = PBXFileReference; fileEncoding = 4; lastKnownFileType = text.script.sh; path = "post-update.sample"; sourceTree = "<group>"; };
		009EE4FB136DFE33008EEEA5 /* pre-applypatch.sample */ = {isa = PBXFileReference; fileEncoding = 4; lastKnownFileType = text.script.sh; path = "pre-applypatch.sample"; sourceTree = "<group>"; };
		009EE4FC136DFE33008EEEA5 /* pre-commit.sample */ = {isa = PBXFileReference; fileEncoding = 4; lastKnownFileType = text.script.sh; path = "pre-commit.sample"; sourceTree = "<group>"; };
		009EE4FD136DFE33008EEEA5 /* pre-rebase.sample */ = {isa = PBXFileReference; fileEncoding = 4; lastKnownFileType = text.script.sh; path = "pre-rebase.sample"; sourceTree = "<group>"; };
		009EE4FE136DFE33008EEEA5 /* prepare-commit-msg.sample */ = {isa = PBXFileReference; fileEncoding = 4; lastKnownFileType = text.script.sh; path = "prepare-commit-msg.sample"; sourceTree = "<group>"; };
		009EE4FF136DFE33008EEEA5 /* update.sample */ = {isa = PBXFileReference; fileEncoding = 4; lastKnownFileType = text.script.sh; path = update.sample; sourceTree = "<group>"; };
		009EE500136DFE33008EEEA5 /* index */ = {isa = PBXFileReference; lastKnownFileType = file; path = index; sourceTree = "<group>"; };
		009EE502136DFE33008EEEA5 /* exclude */ = {isa = PBXFileReference; fileEncoding = 4; lastKnownFileType = text; path = exclude; sourceTree = "<group>"; };
		009EE504136DFE33008EEEA5 /* HEAD */ = {isa = PBXFileReference; fileEncoding = 4; lastKnownFileType = text; path = HEAD; sourceTree = "<group>"; };
		009EE507136DFE33008EEEA5 /* master */ = {isa = PBXFileReference; fileEncoding = 4; lastKnownFileType = text; path = master; sourceTree = "<group>"; };
		009EE50B136DFE33008EEEA5 /* pack-cd237c70f152f557423559b2608e0edf0b29f042.idx */ = {isa = PBXFileReference; lastKnownFileType = file; path = "pack-cd237c70f152f557423559b2608e0edf0b29f042.idx"; sourceTree = "<group>"; };
		009EE50C136DFE33008EEEA5 /* pack-cd237c70f152f557423559b2608e0edf0b29f042.pack */ = {isa = PBXFileReference; lastKnownFileType = file; path = "pack-cd237c70f152f557423559b2608e0edf0b29f042.pack"; sourceTree = "<group>"; };
		009EE50D136DFE33008EEEA5 /* packed-refs */ = {isa = PBXFileReference; fileEncoding = 4; lastKnownFileType = text; path = "packed-refs"; sourceTree = "<group>"; };
		009EE510136DFE33008EEEA5 /* master */ = {isa = PBXFileReference; fileEncoding = 4; lastKnownFileType = text; path = master; sourceTree = "<group>"; };
		009EE513136DFE33008EEEA5 /* HEAD */ = {isa = PBXFileReference; fileEncoding = 4; lastKnownFileType = text; path = HEAD; sourceTree = "<group>"; };
		009EE515136DFE33008EEEA5 /* CHANGELOG.md */ = {isa = PBXFileReference; fileEncoding = 4; lastKnownFileType = text; path = CHANGELOG.md; sourceTree = "<group>"; };
		009EE516136DFE33008EEEA5 /* JSONKit.h */ = {isa = PBXFileReference; fileEncoding = 4; lastKnownFileType = sourcecode.c.h; path = JSONKit.h; sourceTree = "<group>"; };
		009EE517136DFE33008EEEA5 /* JSONKit.m */ = {isa = PBXFileReference; fileEncoding = 4; lastKnownFileType = sourcecode.c.objc; path = JSONKit.m; sourceTree = "<group>"; };
		009EE518136DFE33008EEEA5 /* README.md */ = {isa = PBXFileReference; fileEncoding = 4; lastKnownFileType = text; path = README.md; sourceTree = "<group>"; };
		009EE526136E1215008EEEA5 /* MMContentAssembler.h */ = {isa = PBXFileReference; fileEncoding = 4; lastKnownFileType = sourcecode.c.h; path = MMContentAssembler.h; sourceTree = "<group>"; };
		009EE527136E1215008EEEA5 /* MMContentAssembler.m */ = {isa = PBXFileReference; fileEncoding = 4; lastKnownFileType = sourcecode.c.objc; path = MMContentAssembler.m; sourceTree = "<group>"; };
		009EE52A136E1215008EEEA5 /* MMContentCollection.h */ = {isa = PBXFileReference; fileEncoding = 4; lastKnownFileType = sourcecode.c.h; path = MMContentCollection.h; sourceTree = "<group>"; };
		009EE52C136E1215008EEEA5 /* MMContent.h */ = {isa = PBXFileReference; fileEncoding = 4; lastKnownFileType = sourcecode.c.h; path = MMContent.h; sourceTree = "<group>"; };
		009EE52D136E1215008EEEA5 /* MMContent.m */ = {isa = PBXFileReference; fileEncoding = 4; lastKnownFileType = sourcecode.c.objc; path = MMContent.m; sourceTree = "<group>"; };
		009EE52F136E1215008EEEA5 /* MMLibrary.h */ = {isa = PBXFileReference; fileEncoding = 4; lastKnownFileType = sourcecode.c.h; path = MMLibrary.h; sourceTree = "<group>"; };
		009EE530136E1215008EEEA5 /* MMLibrary.m */ = {isa = PBXFileReference; fileEncoding = 4; lastKnownFileType = sourcecode.c.objc; path = MMLibrary.m; sourceTree = "<group>"; };
		00B3F8A8132C2CDF003A4FCD /* libmedia-management-common-ipad.a */ = {isa = PBXFileReference; explicitFileType = archive.ar; includeInIndex = 0; path = "libmedia-management-common-ipad.a"; sourceTree = BUILT_PRODUCTS_DIR; };
		00B3F8A9132C2CF1003A4FCD /* libmedia-management-common-x86_64.a */ = {isa = PBXFileReference; explicitFileType = archive.ar; includeInIndex = 0; path = "libmedia-management-common-x86_64.a"; sourceTree = BUILT_PRODUCTS_DIR; };
/* End PBXFileReference section */

/* Begin PBXFrameworksBuildPhase section */
		00323DB1132C2A96003BED87 /* Frameworks */ = {
			isa = PBXFrameworksBuildPhase;
			buildActionMask = 2147483647;
			files = (
				00323DB6132C2A96003BED87 /* Cocoa.framework in Frameworks */,
			);
			runOnlyForDeploymentPostprocessing = 0;
		};
		00323DD1132C2B21003BED87 /* Frameworks */ = {
			isa = PBXFrameworksBuildPhase;
			buildActionMask = 2147483647;
			files = (
				00323DD2132C2B21003BED87 /* Foundation.framework in Frameworks */,
			);
			runOnlyForDeploymentPostprocessing = 0;
		};
/* End PBXFrameworksBuildPhase section */

/* Begin PBXGroup section */
		00075902136E59400067644F /* shows */ = {
			isa = PBXGroup;
			children = (
			);
			path = shows;
			sourceTree = "<group>";
		};
		00075909136E594C0067644F /* movies */ = {
			isa = PBXGroup;
			children = (
				0007590A136E595F0067644F /* MMMoviesMediaLibrary.h */,
				0007590B136E595F0067644F /* MMMoviesMediaLibrary.m */,
			);
			path = movies;
			sourceTree = "<group>";
		};
		0007590E136E5A820067644F /* server */ = {
			isa = PBXGroup;
			children = (
				0007590F136E5A820067644F /* MMServerMediaLibrary.h */,
				00075910136E5A820067644F /* MMServerMediaLibrary.m */,
			);
			path = server;
			sourceTree = "<group>";
		};
		00323D92132C29A8003BED87 = {
			isa = PBXGroup;
			children = (
				00323DD9132C2B21003BED87 /* Resources-iPad */,
				00323DA2132C29A8003BED87 /* MediaManagementCommon */,
				00323D9F132C29A8003BED87 /* Frameworks */,
				00323D9E132C29A8003BED87 /* Products */,
			);
			sourceTree = "<group>";
		};
		00323D9E132C29A8003BED87 /* Products */ = {
			isa = PBXGroup;
			children = (
				00B3F8A8132C2CDF003A4FCD /* libmedia-management-common-ipad.a */,
				00B3F8A9132C2CF1003A4FCD /* libmedia-management-common-x86_64.a */,
			);
			name = Products;
			sourceTree = "<group>";
		};
		00323D9F132C29A8003BED87 /* Frameworks */ = {
			isa = PBXGroup;
			children = (
				009EE4EF136DFE33008EEEA5 /* JSONKit */,
				00323DA0132C29A8003BED87 /* Foundation.framework */,
				00323DB5132C2A96003BED87 /* Cocoa.framework */,
				00323DB7132C2A96003BED87 /* Other Frameworks */,
			);
			name = Frameworks;
			sourceTree = "<group>";
		};
		00323DA2132C29A8003BED87 /* MediaManagementCommon */ = {
			isa = PBXGroup;
			children = (
				009EE525136E1215008EEEA5 /* assembler */,
				009EE528136E1215008EEEA5 /* domain */,
				00323DA3132C29A8003BED87 /* Supporting Files */,
			);
			path = MediaManagementCommon;
			sourceTree = "<group>";
		};
		00323DA3132C29A8003BED87 /* Supporting Files */ = {
			isa = PBXGroup;
			children = (
				00323DA4132C29A8003BED87 /* MediaManagementCommon-Prefix.pch */,
			);
			name = "Supporting Files";
			sourceTree = "<group>";
		};
		00323DB7132C2A96003BED87 /* Other Frameworks */ = {
			isa = PBXGroup;
			children = (
				00323DB8132C2A96003BED87 /* AppKit.framework */,
				00323DB9132C2A96003BED87 /* CoreData.framework */,
				00323DBA132C2A96003BED87 /* Foundation.framework */,
			);
			name = "Other Frameworks";
			sourceTree = "<group>";
		};
		00323DD9132C2B21003BED87 /* Resources-iPad */ = {
			isa = PBXGroup;
			children = (
			);
			name = "Resources-iPad";
			sourceTree = "<group>";
		};
		0046D85C136E2F0200B8E57B /* music */ = {
			isa = PBXGroup;
			children = (
				0046D869136E305600B8E57B /* MMAlbum.h */,
				0046D86A136E305600B8E57B /* MMAlbum.m */,
				0046D863136E2FF300B8E57B /* MMArtist.h */,
				0046D864136E2FF300B8E57B /* MMArtist.m */,
				0046D85D136E2F2B00B8E57B /* MMMusicLibrary.h */,
				0046D85E136E2F2B00B8E57B /* MMMusicLibrary.m */,
			);
			name = music;
			sourceTree = "<group>";
		};
		009EE4EF136DFE33008EEEA5 /* JSONKit */ = {
			isa = PBXGroup;
			children = (
				009EE4F0136DFE33008EEEA5 /* .git */,
				009EE515136DFE33008EEEA5 /* CHANGELOG.md */,
				009EE516136DFE33008EEEA5 /* JSONKit.h */,
				009EE517136DFE33008EEEA5 /* JSONKit.m */,
				009EE518136DFE33008EEEA5 /* README.md */,
			);
			name = JSONKit;
			path = ../JSONKit;
			sourceTree = "<group>";
		};
		009EE4F0136DFE33008EEEA5 /* .git */ = {
			isa = PBXGroup;
			children = (
				009EE4F1136DFE33008EEEA5 /* branches */,
				009EE4F2136DFE33008EEEA5 /* config */,
				009EE4F3136DFE33008EEEA5 /* description */,
				009EE4F4136DFE33008EEEA5 /* HEAD */,
				009EE4F5136DFE33008EEEA5 /* hooks */,
				009EE500136DFE33008EEEA5 /* index */,
				009EE501136DFE33008EEEA5 /* info */,
				009EE503136DFE33008EEEA5 /* logs */,
				009EE508136DFE33008EEEA5 /* objects */,
				009EE50D136DFE33008EEEA5 /* packed-refs */,
				009EE50E136DFE33008EEEA5 /* refs */,
			);
			path = .git;
			sourceTree = "<group>";
		};
		009EE4F1136DFE33008EEEA5 /* branches */ = {
			isa = PBXGroup;
			children = (
			);
			path = branches;
			sourceTree = "<group>";
		};
		009EE4F5136DFE33008EEEA5 /* hooks */ = {
			isa = PBXGroup;
			children = (
				009EE4F6136DFE33008EEEA5 /* applypatch-msg.sample */,
				009EE4F7136DFE33008EEEA5 /* commit-msg.sample */,
				009EE4F8136DFE33008EEEA5 /* post-commit.sample */,
				009EE4F9136DFE33008EEEA5 /* post-receive.sample */,
				009EE4FA136DFE33008EEEA5 /* post-update.sample */,
				009EE4FB136DFE33008EEEA5 /* pre-applypatch.sample */,
				009EE4FC136DFE33008EEEA5 /* pre-commit.sample */,
				009EE4FD136DFE33008EEEA5 /* pre-rebase.sample */,
				009EE4FE136DFE33008EEEA5 /* prepare-commit-msg.sample */,
				009EE4FF136DFE33008EEEA5 /* update.sample */,
			);
			path = hooks;
			sourceTree = "<group>";
		};
		009EE501136DFE33008EEEA5 /* info */ = {
			isa = PBXGroup;
			children = (
				009EE502136DFE33008EEEA5 /* exclude */,
			);
			path = info;
			sourceTree = "<group>";
		};
		009EE503136DFE33008EEEA5 /* logs */ = {
			isa = PBXGroup;
			children = (
				009EE504136DFE33008EEEA5 /* HEAD */,
				009EE505136DFE33008EEEA5 /* refs */,
			);
			path = logs;
			sourceTree = "<group>";
		};
		009EE505136DFE33008EEEA5 /* refs */ = {
			isa = PBXGroup;
			children = (
				009EE506136DFE33008EEEA5 /* heads */,
			);
			path = refs;
			sourceTree = "<group>";
		};
		009EE506136DFE33008EEEA5 /* heads */ = {
			isa = PBXGroup;
			children = (
				009EE507136DFE33008EEEA5 /* master */,
			);
			path = heads;
			sourceTree = "<group>";
		};
		009EE508136DFE33008EEEA5 /* objects */ = {
			isa = PBXGroup;
			children = (
				009EE509136DFE33008EEEA5 /* info */,
				009EE50A136DFE33008EEEA5 /* pack */,
			);
			path = objects;
			sourceTree = "<group>";
		};
		009EE509136DFE33008EEEA5 /* info */ = {
			isa = PBXGroup;
			children = (
			);
			path = info;
			sourceTree = "<group>";
		};
		009EE50A136DFE33008EEEA5 /* pack */ = {
			isa = PBXGroup;
			children = (
				009EE50B136DFE33008EEEA5 /* pack-cd237c70f152f557423559b2608e0edf0b29f042.idx */,
				009EE50C136DFE33008EEEA5 /* pack-cd237c70f152f557423559b2608e0edf0b29f042.pack */,
			);
			path = pack;
			sourceTree = "<group>";
		};
		009EE50E136DFE33008EEEA5 /* refs */ = {
			isa = PBXGroup;
			children = (
				009EE50F136DFE33008EEEA5 /* heads */,
				009EE511136DFE33008EEEA5 /* remotes */,
				009EE514136DFE33008EEEA5 /* tags */,
			);
			path = refs;
			sourceTree = "<group>";
		};
		009EE50F136DFE33008EEEA5 /* heads */ = {
			isa = PBXGroup;
			children = (
				009EE510136DFE33008EEEA5 /* master */,
			);
			path = heads;
			sourceTree = "<group>";
		};
		009EE511136DFE33008EEEA5 /* remotes */ = {
			isa = PBXGroup;
			children = (
				009EE512136DFE33008EEEA5 /* origin */,
			);
			path = remotes;
			sourceTree = "<group>";
		};
		009EE512136DFE33008EEEA5 /* origin */ = {
			isa = PBXGroup;
			children = (
				009EE513136DFE33008EEEA5 /* HEAD */,
			);
			path = origin;
			sourceTree = "<group>";
		};
		009EE514136DFE33008EEEA5 /* tags */ = {
			isa = PBXGroup;
			children = (
			);
			path = tags;
			sourceTree = "<group>";
		};
		009EE525136E1215008EEEA5 /* assembler */ = {
			isa = PBXGroup;
			children = (
				009EE526136E1215008EEEA5 /* MMContentAssembler.h */,
				009EE527136E1215008EEEA5 /* MMContentAssembler.m */,
			);
			path = assembler;
			sourceTree = "<group>";
		};
		009EE528136E1215008EEEA5 /* domain */ = {
			isa = PBXGroup;
			children = (
				009EE529136E1215008EEEA5 /* collection */,
				009EE52B136E1215008EEEA5 /* content */,
				009EE52E136E1215008EEEA5 /* library */,
			);
			path = domain;
			sourceTree = "<group>";
		};
		009EE529136E1215008EEEA5 /* collection */ = {
			isa = PBXGroup;
			children = (
				009EE52A136E1215008EEEA5 /* MMContentCollection.h */,
			);
			path = collection;
			sourceTree = "<group>";
		};
		009EE52B136E1215008EEEA5 /* content */ = {
			isa = PBXGroup;
			children = (
				009EE52C136E1215008EEEA5 /* MMContent.h */,
				009EE52D136E1215008EEEA5 /* MMContent.m */,
			);
			path = content;
			sourceTree = "<group>";
		};
		009EE52E136E1215008EEEA5 /* library */ = {
			isa = PBXGroup;
			children = (
				00075909136E594C0067644F /* movies */,
				0046D85C136E2F0200B8E57B /* music */,
				0007590E136E5A820067644F /* server */,
				00075902136E59400067644F /* shows */,
				009EE52F136E1215008EEEA5 /* MMLibrary.h */,
				009EE530136E1215008EEEA5 /* MMLibrary.m */,
				0046D86F136E3F8100B8E57B /* MMMediaLibrary.h */,
				0046D870136E3F8100B8E57B /* MMMediaLibrary.m */,
				0046D851136E23FC00B8E57B /* MMMediaLibraryProtected.h */,
			);
			path = library;
			sourceTree = "<group>";
		};
/* End PBXGroup section */

/* Begin PBXHeadersBuildPhase section */
		00323DB2132C2A96003BED87 /* Headers */ = {
			isa = PBXHeadersBuildPhase;
			buildActionMask = 2147483647;
			files = (
				000758EE136E46A70067644F /* MMContentAssembler.h in Headers */,
				000758EF136E46A70067644F /* MMContentCollection.h in Headers */,
				000758F0136E46A70067644F /* MMContent.h in Headers */,
				000758F1136E46A70067644F /* MMAlbum.h in Headers */,
				000758F2136E46A70067644F /* MMArtist.h in Headers */,
				000758F3136E46A70067644F /* MMMusicLibrary.h in Headers */,
				000758F4136E46A70067644F /* MMLibrary.h in Headers */,
				000758F5136E46A70067644F /* MMMediaLibrary.h in Headers */,
				000758F6136E46A70067644F /* MMMediaLibraryProtected.h in Headers */,
				00075912136E5A820067644F /* MMServerMediaLibrary.h in Headers */,
			);
			runOnlyForDeploymentPostprocessing = 0;
		};
		00323DD3132C2B21003BED87 /* Headers */ = {
			isa = PBXHeadersBuildPhase;
			buildActionMask = 2147483647;
			files = (
				009EE531136E1215008EEEA5 /* MMContentAssembler.h in Headers */,
				009EE533136E1215008EEEA5 /* MMContentCollection.h in Headers */,
				009EE534136E1215008EEEA5 /* MMContent.h in Headers */,
				009EE536136E1215008EEEA5 /* MMLibrary.h in Headers */,
				009EE519136DFE33008EEEA5 /* JSONKit.h in Headers */,
				0046D852136E23FC00B8E57B /* MMMediaLibraryProtected.h in Headers */,
				0046D85F136E2F2B00B8E57B /* MMMusicLibrary.h in Headers */,
				0046D865136E2FF300B8E57B /* MMArtist.h in Headers */,
				0046D86B136E305700B8E57B /* MMAlbum.h in Headers */,
				0046D871136E3F8200B8E57B /* MMMediaLibrary.h in Headers */,
				0007590C136E595F0067644F /* MMMoviesMediaLibrary.h in Headers */,
				00075911136E5A820067644F /* MMServerMediaLibrary.h in Headers */,
			);
			runOnlyForDeploymentPostprocessing = 0;
		};
/* End PBXHeadersBuildPhase section */

/* Begin PBXNativeTarget section */
		00323DB3132C2A96003BED87 /* media-management-common-x86 */ = {
			isa = PBXNativeTarget;
			buildConfigurationList = 00323DBE132C2A96003BED87 /* Build configuration list for PBXNativeTarget "media-management-common-x86" */;
			buildPhases = (
				00323DB0132C2A96003BED87 /* Sources */,
				00323DB1132C2A96003BED87 /* Frameworks */,
				00323DB2132C2A96003BED87 /* Headers */,
			);
			buildRules = (
			);
			dependencies = (
			);
			name = "media-management-common-x86";
			productName = MediaManagementComm;
			productReference = 00B3F8A9132C2CF1003A4FCD /* libmedia-management-common-x86_64.a */;
			productType = "com.apple.product-type.library.static";
		};
		00323DCE132C2B21003BED87 /* media-management-common-ipad */ = {
			isa = PBXNativeTarget;
			buildConfigurationList = 00323DD5132C2B21003BED87 /* Build configuration list for PBXNativeTarget "media-management-common-ipad" */;
			buildPhases = (
				00323DCF132C2B21003BED87 /* Sources */,
				00323DD1132C2B21003BED87 /* Frameworks */,
				00323DD3132C2B21003BED87 /* Headers */,
			);
			buildRules = (
			);
			dependencies = (
			);
			name = "media-management-common-ipad";
			productName = MediaManagementCommon;
			productReference = 00B3F8A8132C2CDF003A4FCD /* libmedia-management-common-ipad.a */;
			productType = "com.apple.product-type.library.static";
		};
/* End PBXNativeTarget section */

/* Begin PBXProject section */
		00323D94132C29A8003BED87 /* Project object */ = {
			isa = PBXProject;
			attributes = {
				ORGANIZATIONNAME = kra;
			};
			buildConfigurationList = 00323D97132C29A8003BED87 /* Build configuration list for PBXProject "MediaManagementCommon" */;
			compatibilityVersion = "Xcode 3.2";
			developmentRegion = English;
			hasScannedForEncodings = 0;
			knownRegions = (
				en,
			);
			mainGroup = 00323D92132C29A8003BED87;
			productRefGroup = 00323D9E132C29A8003BED87 /* Products */;
			projectDirPath = "";
			projectRoot = "";
			targets = (
				00323DCE132C2B21003BED87 /* media-management-common-ipad */,
				00323DB3132C2A96003BED87 /* media-management-common-x86 */,
			);
		};
/* End PBXProject section */

/* Begin PBXSourcesBuildPhase section */
		00323DB0132C2A96003BED87 /* Sources */ = {
			isa = PBXSourcesBuildPhase;
			buildActionMask = 2147483647;
			files = (
				00075915136E5AA00067644F /* MMMoviesMediaLibrary.m in Sources */,
				000758E7136E46850067644F /* MMContentAssembler.m in Sources */,
				000758E8136E46860067644F /* MMContent.m in Sources */,
				000758E9136E46860067644F /* MMAlbum.m in Sources */,
				000758EA136E46860067644F /* MMArtist.m in Sources */,
				000758EB136E46860067644F /* MMMusicLibrary.m in Sources */,
				000758EC136E46860067644F /* MMLibrary.m in Sources */,
				000758ED136E46860067644F /* MMMediaLibrary.m in Sources */,
				000758E4136E46710067644F /* JSONKit.m in Sources */,
				00075914136E5A820067644F /* MMServerMediaLibrary.m in Sources */,
			);
			runOnlyForDeploymentPostprocessing = 0;
		};
		00323DCF132C2B21003BED87 /* Sources */ = {
			isa = PBXSourcesBuildPhase;
			buildActionMask = 2147483647;
			files = (
				009EE51A136DFE33008EEEA5 /* JSONKit.m in Sources */,
				009EE532136E1215008EEEA5 /* MMContentAssembler.m in Sources */,
				009EE535136E1215008EEEA5 /* MMContent.m in Sources */,
				009EE537136E1215008EEEA5 /* MMLibrary.m in Sources */,
				0046D861136E2F2B00B8E57B /* MMMusicLibrary.m in Sources */,
				0046D867136E2FF300B8E57B /* MMArtist.m in Sources */,
				0046D86D136E305700B8E57B /* MMAlbum.m in Sources */,
				0046D872136E3F8200B8E57B /* MMMediaLibrary.m in Sources */,
				0007590D136E595F0067644F /* MMMoviesMediaLibrary.m in Sources */,
				00075913136E5A820067644F /* MMServerMediaLibrary.m in Sources */,
			);
			runOnlyForDeploymentPostprocessing = 0;
		};
/* End PBXSourcesBuildPhase section */

/* Begin XCBuildConfiguration section */
		00323DA5132C29A8003BED87 /* Debug */ = {
			isa = XCBuildConfiguration;
			buildSettings = {
				ARCHS = "$(ARCHS_STANDARD_32_BIT)";
				GCC_C_LANGUAGE_STANDARD = gnu99;
				GCC_OPTIMIZATION_LEVEL = 0;
				GCC_PREPROCESSOR_DEFINITIONS = DEBUG;
				GCC_SYMBOLS_PRIVATE_EXTERN = NO;
				GCC_VERSION = com.apple.compilers.llvmgcc42;
				GCC_WARN_ABOUT_RETURN_TYPE = YES;
				GCC_WARN_UNUSED_VARIABLE = YES;
				IPHONEOS_DEPLOYMENT_TARGET = 4.3;
				SDKROOT = iphoneos;
			};
			name = Debug;
		};
		00323DA6132C29A8003BED87 /* Release */ = {
			isa = XCBuildConfiguration;
			buildSettings = {
				ARCHS = "$(ARCHS_STANDARD_32_BIT)";
				GCC_C_LANGUAGE_STANDARD = gnu99;
				GCC_VERSION = com.apple.compilers.llvmgcc42;
				GCC_WARN_ABOUT_RETURN_TYPE = YES;
				GCC_WARN_UNUSED_VARIABLE = YES;
				IPHONEOS_DEPLOYMENT_TARGET = 4.3;
				SDKROOT = iphoneos;
			};
			name = Release;
		};
		00323DBF132C2A96003BED87 /* Debug */ = {
			isa = XCBuildConfiguration;
			buildSettings = {
				ALWAYS_SEARCH_USER_PATHS = NO;
				ARCHS = "$(ARCHS_STANDARD_32_64_BIT)";
				COPY_PHASE_STRIP = NO;
				GCC_DYNAMIC_NO_PIC = NO;
				GCC_ENABLE_OBJC_EXCEPTIONS = YES;
				GCC_ENABLE_OBJC_GC = unsupported;
				GCC_PRECOMPILE_PREFIX_HEADER = YES;
				GCC_PREFIX_HEADER = "MediaManagementCommon/MediaManagementCommon-Prefix.pch";
				GCC_VERSION = com.apple.compilers.llvm.clang.1_0;
				GCC_WARN_64_TO_32_BIT_CONVERSION = YES;
				LIBRARY_SEARCH_PATHS = (
					"$(inherited)",
					"\"$(SRCROOT)/Frameworks/JSON/x86\"",
				);
				MACOSX_DEPLOYMENT_TARGET = 10.6;
				ONLY_ACTIVE_ARCH = NO;
				PRODUCT_NAME = "media-management-common-x86_64";
				SDKROOT = macosx;
			};
			name = Debug;
		};
		00323DC0132C2A96003BED87 /* Release */ = {
			isa = XCBuildConfiguration;
			buildSettings = {
				ALWAYS_SEARCH_USER_PATHS = NO;
				ARCHS = "$(ARCHS_STANDARD_32_64_BIT)";
				COPY_PHASE_STRIP = YES;
				DEBUG_INFORMATION_FORMAT = "dwarf-with-dsym";
				GCC_ENABLE_OBJC_EXCEPTIONS = YES;
				GCC_ENABLE_OBJC_GC = unsupported;
				GCC_PRECOMPILE_PREFIX_HEADER = YES;
				GCC_PREFIX_HEADER = "MediaManagementCommon/MediaManagementCommon-Prefix.pch";
				GCC_VERSION = com.apple.compilers.llvm.clang.1_0;
				GCC_WARN_64_TO_32_BIT_CONVERSION = YES;
				LIBRARY_SEARCH_PATHS = (
					"$(inherited)",
					"\"$(SRCROOT)/Frameworks/JSON/x86\"",
				);
				MACOSX_DEPLOYMENT_TARGET = 10.6;
				PRODUCT_NAME = "media-management-common-x86_64";
				SDKROOT = macosx;
			};
			name = Release;
		};
		00323DD6132C2B21003BED87 /* Debug */ = {
			isa = XCBuildConfiguration;
			buildSettings = {
				ALWAYS_SEARCH_USER_PATHS = NO;
				DSTROOT = /tmp/MediaManagementCommon.dst;
				GCC_PRECOMPILE_PREFIX_HEADER = YES;
				GCC_PREFIX_HEADER = "MediaManagementCommon/MediaManagementCommon-Prefix.pch";
				IPHONEOS_DEPLOYMENT_TARGET = 4.3;
				LIBRARY_SEARCH_PATHS = (
					"$(inherited)",
					"\"$(SRCROOT)/Frameworks/JSON/x86\"",
				);
				OTHER_LDFLAGS = "-ObjC";
				PRODUCT_NAME = "media-management-common-ipad";
				TARGETED_DEVICE_FAMILY = 2;
			};
			name = Debug;
		};
		00323DD7132C2B21003BED87 /* Release */ = {
			isa = XCBuildConfiguration;
			buildSettings = {
				ALWAYS_SEARCH_USER_PATHS = NO;
				DSTROOT = /tmp/MediaManagementCommon.dst;
				GCC_PRECOMPILE_PREFIX_HEADER = YES;
				GCC_PREFIX_HEADER = "MediaManagementCommon/MediaManagementCommon-Prefix.pch";
				IPHONEOS_DEPLOYMENT_TARGET = 4.3;
				LIBRARY_SEARCH_PATHS = (
					"$(inherited)",
					"\"$(SRCROOT)/Frameworks/JSON/x86\"",
				);
				OTHER_LDFLAGS = "-ObjC";
				PRODUCT_NAME = "media-management-common-ipad";
				TARGETED_DEVICE_FAMILY = 2;
			};
			name = Release;
		};
/* End XCBuildConfiguration section */

/* Begin XCConfigurationList section */
		00323D97132C29A8003BED87 /* Build configuration list for PBXProject "MediaManagementCommon" */ = {
			isa = XCConfigurationList;
			buildConfigurations = (
				00323DA5132C29A8003BED87 /* Debug */,
				00323DA6132C29A8003BED87 /* Release */,
			);
			defaultConfigurationIsVisible = 0;
			defaultConfigurationName = Release;
		};
		00323DBE132C2A96003BED87 /* Build configuration list for PBXNativeTarget "media-management-common-x86" */ = {
			isa = XCConfigurationList;
			buildConfigurations = (
				00323DBF132C2A96003BED87 /* Debug */,
				00323DC0132C2A96003BED87 /* Release */,
			);
			defaultConfigurationIsVisible = 0;
			defaultConfigurationName = Release;
		};
		00323DD5132C2B21003BED87 /* Build configuration list for PBXNativeTarget "media-management-common-ipad" */ = {
			isa = XCConfigurationList;
			buildConfigurations = (
				00323DD6132C2B21003BED87 /* Debug */,
				00323DD7132C2B21003BED87 /* Release */,
			);
			defaultConfigurationIsVisible = 0;
			defaultConfigurationName = Release;
		};
/* End XCConfigurationList section */
	};
	rootObject = 00323D94132C29A8003BED87 /* Project object */;
}
