// !$*UTF8*$!
{
	archiveVersion = 1;
	classes = {
	};
	objectVersion = 46;
	objects = {

/* Begin PBXBuildFile section */
		00323DD2132C2B21003BED87 /* Foundation.framework in Frameworks */ = {isa = PBXBuildFile; fileRef = 00323DA0132C29A8003BED87 /* Foundation.framework */; };
		007234DE16AC1B54008C1623 /* MMContentAssembler.h in Headers */ = {isa = PBXBuildFile; fileRef = 007234AE16AC1B54008C1623 /* MMContentAssembler.h */; };
		007234DF16AC1B54008C1623 /* MMContentAssembler.h in Headers */ = {isa = PBXBuildFile; fileRef = 007234AE16AC1B54008C1623 /* MMContentAssembler.h */; };
		007234E016AC1B54008C1623 /* MMContentAssembler.m in Sources */ = {isa = PBXBuildFile; fileRef = 007234AF16AC1B54008C1623 /* MMContentAssembler.m */; };
		007234E116AC1B54008C1623 /* MMContentAssembler.m in Sources */ = {isa = PBXBuildFile; fileRef = 007234AF16AC1B54008C1623 /* MMContentAssembler.m */; };
		007234E216AC1B54008C1623 /* MMTitleAssembler.h in Headers */ = {isa = PBXBuildFile; fileRef = 007234B116AC1B54008C1623 /* MMTitleAssembler.h */; };
		007234E316AC1B54008C1623 /* MMTitleAssembler.h in Headers */ = {isa = PBXBuildFile; fileRef = 007234B116AC1B54008C1623 /* MMTitleAssembler.h */; };
		007234E416AC1B54008C1623 /* MMTitleAssembler.m in Sources */ = {isa = PBXBuildFile; fileRef = 007234B216AC1B54008C1623 /* MMTitleAssembler.m */; };
		007234E516AC1B54008C1623 /* MMTitleAssembler.m in Sources */ = {isa = PBXBuildFile; fileRef = 007234B216AC1B54008C1623 /* MMTitleAssembler.m */; };
		007234EA16AC1B54008C1623 /* MMContent.h in Headers */ = {isa = PBXBuildFile; fileRef = 007234B716AC1B54008C1623 /* MMContent.h */; };
		007234EB16AC1B54008C1623 /* MMContent.h in Headers */ = {isa = PBXBuildFile; fileRef = 007234B716AC1B54008C1623 /* MMContent.h */; };
		007234EC16AC1B54008C1623 /* MMContent.m in Sources */ = {isa = PBXBuildFile; fileRef = 007234B816AC1B54008C1623 /* MMContent.m */; };
		007234ED16AC1B54008C1623 /* MMContent.m in Sources */ = {isa = PBXBuildFile; fileRef = 007234B816AC1B54008C1623 /* MMContent.m */; };
		007234FA16AC1B54008C1623 /* MMAudioTrack.h in Headers */ = {isa = PBXBuildFile; fileRef = 007234C016AC1B54008C1623 /* MMAudioTrack.h */; };
		007234FB16AC1B54008C1623 /* MMAudioTrack.h in Headers */ = {isa = PBXBuildFile; fileRef = 007234C016AC1B54008C1623 /* MMAudioTrack.h */; };
		007234FC16AC1B54008C1623 /* MMAudioTrack.m in Sources */ = {isa = PBXBuildFile; fileRef = 007234C116AC1B54008C1623 /* MMAudioTrack.m */; };
		007234FD16AC1B54008C1623 /* MMAudioTrack.m in Sources */ = {isa = PBXBuildFile; fileRef = 007234C116AC1B54008C1623 /* MMAudioTrack.m */; };
		0072350216AC1B54008C1623 /* MMSubtitleTrack.h in Headers */ = {isa = PBXBuildFile; fileRef = 007234C416AC1B54008C1623 /* MMSubtitleTrack.h */; };
		0072350316AC1B54008C1623 /* MMSubtitleTrack.h in Headers */ = {isa = PBXBuildFile; fileRef = 007234C416AC1B54008C1623 /* MMSubtitleTrack.h */; };
		0072350416AC1B54008C1623 /* MMSubtitleTrack.m in Sources */ = {isa = PBXBuildFile; fileRef = 007234C516AC1B54008C1623 /* MMSubtitleTrack.m */; };
		0072350516AC1B54008C1623 /* MMSubtitleTrack.m in Sources */ = {isa = PBXBuildFile; fileRef = 007234C516AC1B54008C1623 /* MMSubtitleTrack.m */; };
		0072350616AC1B54008C1623 /* MMTitle.h in Headers */ = {isa = PBXBuildFile; fileRef = 007234C616AC1B54008C1623 /* MMTitle.h */; };
		0072350716AC1B54008C1623 /* MMTitle.h in Headers */ = {isa = PBXBuildFile; fileRef = 007234C616AC1B54008C1623 /* MMTitle.h */; };
		0072350816AC1B54008C1623 /* MMTitle.m in Sources */ = {isa = PBXBuildFile; fileRef = 007234C716AC1B54008C1623 /* MMTitle.m */; };
		0072350916AC1B54008C1623 /* MMTitle.m in Sources */ = {isa = PBXBuildFile; fileRef = 007234C716AC1B54008C1623 /* MMTitle.m */; };
		0072350A16AC1B54008C1623 /* MMTitleList.h in Headers */ = {isa = PBXBuildFile; fileRef = 007234C816AC1B54008C1623 /* MMTitleList.h */; };
		0072350B16AC1B54008C1623 /* MMTitleList.h in Headers */ = {isa = PBXBuildFile; fileRef = 007234C816AC1B54008C1623 /* MMTitleList.h */; };
		0072350C16AC1B54008C1623 /* MMTitleList.m in Sources */ = {isa = PBXBuildFile; fileRef = 007234C916AC1B54008C1623 /* MMTitleList.m */; };
		0072350D16AC1B54008C1623 /* MMTitleList.m in Sources */ = {isa = PBXBuildFile; fileRef = 007234C916AC1B54008C1623 /* MMTitleList.m */; };
		0072350E16AC1B54008C1623 /* MMLibrary.h in Headers */ = {isa = PBXBuildFile; fileRef = 007234CB16AC1B54008C1623 /* MMLibrary.h */; };
		0072350F16AC1B54008C1623 /* MMLibrary.h in Headers */ = {isa = PBXBuildFile; fileRef = 007234CB16AC1B54008C1623 /* MMLibrary.h */; };
		0072351016AC1B54008C1623 /* MMLibrary.m in Sources */ = {isa = PBXBuildFile; fileRef = 007234CC16AC1B54008C1623 /* MMLibrary.m */; };
		0072351116AC1B54008C1623 /* MMLibrary.m in Sources */ = {isa = PBXBuildFile; fileRef = 007234CC16AC1B54008C1623 /* MMLibrary.m */; };
		0072351216AC1B54008C1623 /* MMPlaylist.h in Headers */ = {isa = PBXBuildFile; fileRef = 007234CE16AC1B54008C1623 /* MMPlaylist.h */; };
		0072351316AC1B54008C1623 /* MMPlaylist.h in Headers */ = {isa = PBXBuildFile; fileRef = 007234CE16AC1B54008C1623 /* MMPlaylist.h */; };
		0072351416AC1B54008C1623 /* MMPlaylist.m in Sources */ = {isa = PBXBuildFile; fileRef = 007234CF16AC1B54008C1623 /* MMPlaylist.m */; };
		0072351516AC1B54008C1623 /* MMPlaylist.m in Sources */ = {isa = PBXBuildFile; fileRef = 007234CF16AC1B54008C1623 /* MMPlaylist.m */; };
		0072351616AC1B54008C1623 /* MMPlaylistProtected.h in Headers */ = {isa = PBXBuildFile; fileRef = 007234D016AC1B54008C1623 /* MMPlaylistProtected.h */; };
		0072351716AC1B54008C1623 /* MMPlaylistProtected.h in Headers */ = {isa = PBXBuildFile; fileRef = 007234D016AC1B54008C1623 /* MMPlaylistProtected.h */; };
		0072351816AC1B54008C1623 /* MMMoviesPlaylist.h in Headers */ = {isa = PBXBuildFile; fileRef = 007234D216AC1B54008C1623 /* MMMoviesPlaylist.h */; };
		0072351916AC1B54008C1623 /* MMMoviesPlaylist.h in Headers */ = {isa = PBXBuildFile; fileRef = 007234D216AC1B54008C1623 /* MMMoviesPlaylist.h */; };
		0072351A16AC1B54008C1623 /* MMMoviesPlaylist.m in Sources */ = {isa = PBXBuildFile; fileRef = 007234D316AC1B54008C1623 /* MMMoviesPlaylist.m */; };
		0072351B16AC1B54008C1623 /* MMMoviesPlaylist.m in Sources */ = {isa = PBXBuildFile; fileRef = 007234D316AC1B54008C1623 /* MMMoviesPlaylist.m */; };
		0072352016AC1B54008C1623 /* MMGenericPlaylist.h in Headers */ = {isa = PBXBuildFile; fileRef = 007234D816AC1B54008C1623 /* MMGenericPlaylist.h */; };
		0072352116AC1B54008C1623 /* MMGenericPlaylist.h in Headers */ = {isa = PBXBuildFile; fileRef = 007234D816AC1B54008C1623 /* MMGenericPlaylist.h */; };
		0072352216AC1B54008C1623 /* MMGenericPlaylist.m in Sources */ = {isa = PBXBuildFile; fileRef = 007234D916AC1B54008C1623 /* MMGenericPlaylist.m */; };
		0072352316AC1B54008C1623 /* MMGenericPlaylist.m in Sources */ = {isa = PBXBuildFile; fileRef = 007234D916AC1B54008C1623 /* MMGenericPlaylist.m */; };
		0072352416AC1B54008C1623 /* MMTVShowPlaylist.h in Headers */ = {isa = PBXBuildFile; fileRef = 007234DB16AC1B54008C1623 /* MMTVShowPlaylist.h */; };
		0072352516AC1B54008C1623 /* MMTVShowPlaylist.h in Headers */ = {isa = PBXBuildFile; fileRef = 007234DB16AC1B54008C1623 /* MMTVShowPlaylist.h */; };
		0072352616AC1B54008C1623 /* MMTVShowPlaylist.m in Sources */ = {isa = PBXBuildFile; fileRef = 007234DC16AC1B54008C1623 /* MMTVShowPlaylist.m */; };
		0072352716AC1B54008C1623 /* MMTVShowPlaylist.m in Sources */ = {isa = PBXBuildFile; fileRef = 007234DC16AC1B54008C1623 /* MMTVShowPlaylist.m */; };
		0072352B16AC1B69008C1623 /* MediaManagement-Prefix.pch in Headers */ = {isa = PBXBuildFile; fileRef = 0072352A16AC1B69008C1623 /* MediaManagement-Prefix.pch */; };
		0072352C16AC1B69008C1623 /* MediaManagement-Prefix.pch in Headers */ = {isa = PBXBuildFile; fileRef = 0072352A16AC1B69008C1623 /* MediaManagement-Prefix.pch */; };
		0072353C16AC1C22008C1623 /* libPods.a in Frameworks */ = {isa = PBXBuildFile; fileRef = 0072353B16AC1C22008C1623 /* libPods.a */; };
		0072368516AD1639008C1623 /* libPods.a in Frameworks */ = {isa = PBXBuildFile; fileRef = 0072353B16AC1C22008C1623 /* libPods.a */; };
		0072368716AD1642008C1623 /* Cocoa.framework in Frameworks */ = {isa = PBXBuildFile; fileRef = 0072368616AD1642008C1623 /* Cocoa.framework */; };
		007236AB16AD2700008C1623 /* MMContentGroup.h in Headers */ = {isa = PBXBuildFile; fileRef = 007236AA16AD26FF008C1623 /* MMContentGroup.h */; };
		007236AC16AD2700008C1623 /* MMContentGroup.h in Headers */ = {isa = PBXBuildFile; fileRef = 007236AA16AD26FF008C1623 /* MMContentGroup.h */; };
		007236B616AD2E25008C1623 /* MMTVShow.h in Headers */ = {isa = PBXBuildFile; fileRef = 007236B416AD2E24008C1623 /* MMTVShow.h */; };
		007236B716AD2E25008C1623 /* MMTVShow.h in Headers */ = {isa = PBXBuildFile; fileRef = 007236B416AD2E24008C1623 /* MMTVShow.h */; };
		007236B816AD2E25008C1623 /* MMTVShow.m in Sources */ = {isa = PBXBuildFile; fileRef = 007236B516AD2E24008C1623 /* MMTVShow.m */; };
		007236B916AD2E25008C1623 /* MMTVShow.m in Sources */ = {isa = PBXBuildFile; fileRef = 007236B516AD2E24008C1623 /* MMTVShow.m */; };
		007236BC16AD2EE7008C1623 /* MMTVShowSeason.h in Headers */ = {isa = PBXBuildFile; fileRef = 007236BA16AD2EE5008C1623 /* MMTVShowSeason.h */; };
		007236BD16AD2EE7008C1623 /* MMTVShowSeason.h in Headers */ = {isa = PBXBuildFile; fileRef = 007236BA16AD2EE5008C1623 /* MMTVShowSeason.h */; };
		007236BE16AD2EE7008C1623 /* MMTVShowSeason.m in Sources */ = {isa = PBXBuildFile; fileRef = 007236BB16AD2EE6008C1623 /* MMTVShowSeason.m */; };
		007236BF16AD2EE7008C1623 /* MMTVShowSeason.m in Sources */ = {isa = PBXBuildFile; fileRef = 007236BB16AD2EE6008C1623 /* MMTVShowSeason.m */; };
/* End PBXBuildFile section */

/* Begin PBXFileReference section */
		0028483214AFD48B003F5818 /* Rakefile */ = {isa = PBXFileReference; lastKnownFileType = text; path = Rakefile; sourceTree = "<group>"; };
		00323DA0132C29A8003BED87 /* Foundation.framework */ = {isa = PBXFileReference; lastKnownFileType = wrapper.framework; name = Foundation.framework; path = System/Library/Frameworks/Foundation.framework; sourceTree = SDKROOT; };
		007234AE16AC1B54008C1623 /* MMContentAssembler.h */ = {isa = PBXFileReference; fileEncoding = 4; lastKnownFileType = sourcecode.c.h; path = MMContentAssembler.h; sourceTree = "<group>"; };
		007234AF16AC1B54008C1623 /* MMContentAssembler.m */ = {isa = PBXFileReference; fileEncoding = 4; lastKnownFileType = sourcecode.c.objc; path = MMContentAssembler.m; sourceTree = "<group>"; };
		007234B116AC1B54008C1623 /* MMTitleAssembler.h */ = {isa = PBXFileReference; fileEncoding = 4; lastKnownFileType = sourcecode.c.h; path = MMTitleAssembler.h; sourceTree = "<group>"; };
		007234B216AC1B54008C1623 /* MMTitleAssembler.m */ = {isa = PBXFileReference; fileEncoding = 4; lastKnownFileType = sourcecode.c.objc; path = MMTitleAssembler.m; sourceTree = "<group>"; };
		007234B716AC1B54008C1623 /* MMContent.h */ = {isa = PBXFileReference; fileEncoding = 4; lastKnownFileType = sourcecode.c.h; path = MMContent.h; sourceTree = "<group>"; };
		007234B816AC1B54008C1623 /* MMContent.m */ = {isa = PBXFileReference; fileEncoding = 4; lastKnownFileType = sourcecode.c.objc; path = MMContent.m; sourceTree = "<group>"; };
		007234C016AC1B54008C1623 /* MMAudioTrack.h */ = {isa = PBXFileReference; fileEncoding = 4; lastKnownFileType = sourcecode.c.h; path = MMAudioTrack.h; sourceTree = "<group>"; };
		007234C116AC1B54008C1623 /* MMAudioTrack.m */ = {isa = PBXFileReference; fileEncoding = 4; lastKnownFileType = sourcecode.c.objc; path = MMAudioTrack.m; sourceTree = "<group>"; };
		007234C416AC1B54008C1623 /* MMSubtitleTrack.h */ = {isa = PBXFileReference; fileEncoding = 4; lastKnownFileType = sourcecode.c.h; path = MMSubtitleTrack.h; sourceTree = "<group>"; };
		007234C516AC1B54008C1623 /* MMSubtitleTrack.m */ = {isa = PBXFileReference; fileEncoding = 4; lastKnownFileType = sourcecode.c.objc; path = MMSubtitleTrack.m; sourceTree = "<group>"; };
		007234C616AC1B54008C1623 /* MMTitle.h */ = {isa = PBXFileReference; fileEncoding = 4; lastKnownFileType = sourcecode.c.h; path = MMTitle.h; sourceTree = "<group>"; };
		007234C716AC1B54008C1623 /* MMTitle.m */ = {isa = PBXFileReference; fileEncoding = 4; lastKnownFileType = sourcecode.c.objc; path = MMTitle.m; sourceTree = "<group>"; };
		007234C816AC1B54008C1623 /* MMTitleList.h */ = {isa = PBXFileReference; fileEncoding = 4; lastKnownFileType = sourcecode.c.h; path = MMTitleList.h; sourceTree = "<group>"; };
		007234C916AC1B54008C1623 /* MMTitleList.m */ = {isa = PBXFileReference; fileEncoding = 4; lastKnownFileType = sourcecode.c.objc; path = MMTitleList.m; sourceTree = "<group>"; };
		007234CB16AC1B54008C1623 /* MMLibrary.h */ = {isa = PBXFileReference; fileEncoding = 4; lastKnownFileType = sourcecode.c.h; path = MMLibrary.h; sourceTree = "<group>"; };
		007234CC16AC1B54008C1623 /* MMLibrary.m */ = {isa = PBXFileReference; fileEncoding = 4; lastKnownFileType = sourcecode.c.objc; path = MMLibrary.m; sourceTree = "<group>"; };
		007234CE16AC1B54008C1623 /* MMPlaylist.h */ = {isa = PBXFileReference; fileEncoding = 4; lastKnownFileType = sourcecode.c.h; path = MMPlaylist.h; sourceTree = "<group>"; };
		007234CF16AC1B54008C1623 /* MMPlaylist.m */ = {isa = PBXFileReference; fileEncoding = 4; lastKnownFileType = sourcecode.c.objc; path = MMPlaylist.m; sourceTree = "<group>"; };
		007234D016AC1B54008C1623 /* MMPlaylistProtected.h */ = {isa = PBXFileReference; fileEncoding = 4; lastKnownFileType = sourcecode.c.h; path = MMPlaylistProtected.h; sourceTree = "<group>"; };
		007234D216AC1B54008C1623 /* MMMoviesPlaylist.h */ = {isa = PBXFileReference; fileEncoding = 4; lastKnownFileType = sourcecode.c.h; path = MMMoviesPlaylist.h; sourceTree = "<group>"; };
		007234D316AC1B54008C1623 /* MMMoviesPlaylist.m */ = {isa = PBXFileReference; fileEncoding = 4; lastKnownFileType = sourcecode.c.objc; path = MMMoviesPlaylist.m; sourceTree = "<group>"; };
		007234D816AC1B54008C1623 /* MMGenericPlaylist.h */ = {isa = PBXFileReference; fileEncoding = 4; lastKnownFileType = sourcecode.c.h; path = MMGenericPlaylist.h; sourceTree = "<group>"; };
		007234D916AC1B54008C1623 /* MMGenericPlaylist.m */ = {isa = PBXFileReference; fileEncoding = 4; lastKnownFileType = sourcecode.c.objc; path = MMGenericPlaylist.m; sourceTree = "<group>"; };
		007234DB16AC1B54008C1623 /* MMTVShowPlaylist.h */ = {isa = PBXFileReference; fileEncoding = 4; lastKnownFileType = sourcecode.c.h; path = MMTVShowPlaylist.h; sourceTree = "<group>"; };
		007234DC16AC1B54008C1623 /* MMTVShowPlaylist.m */ = {isa = PBXFileReference; fileEncoding = 4; lastKnownFileType = sourcecode.c.objc; path = MMTVShowPlaylist.m; sourceTree = "<group>"; };
		0072352A16AC1B69008C1623 /* MediaManagement-Prefix.pch */ = {isa = PBXFileReference; fileEncoding = 4; lastKnownFileType = sourcecode.c.h; path = "MediaManagement-Prefix.pch"; sourceTree = "<group>"; };
		0072353B16AC1C22008C1623 /* libPods.a */ = {isa = PBXFileReference; lastKnownFileType = archive.ar; name = libPods.a; path = "../../../../Library/Developer/Xcode/DerivedData/MediaManagement-fqaotokuygjbtsbuhsdccyolgqbu/Build/Products/Debug/libPods.a"; sourceTree = "<group>"; };
		0072368616AD1642008C1623 /* Cocoa.framework */ = {isa = PBXFileReference; lastKnownFileType = wrapper.framework; name = Cocoa.framework; path = Platforms/MacOSX.platform/Developer/SDKs/MacOSX10.8.sdk/System/Library/Frameworks/Cocoa.framework; sourceTree = DEVELOPER_DIR; };
		007236AA16AD26FF008C1623 /* MMContentGroup.h */ = {isa = PBXFileReference; fileEncoding = 4; lastKnownFileType = sourcecode.c.h; path = MMContentGroup.h; sourceTree = "<group>"; };
		007236B416AD2E24008C1623 /* MMTVShow.h */ = {isa = PBXFileReference; fileEncoding = 4; lastKnownFileType = sourcecode.c.h; path = MMTVShow.h; sourceTree = "<group>"; };
		007236B516AD2E24008C1623 /* MMTVShow.m */ = {isa = PBXFileReference; fileEncoding = 4; lastKnownFileType = sourcecode.c.objc; path = MMTVShow.m; sourceTree = "<group>"; };
		007236BA16AD2EE5008C1623 /* MMTVShowSeason.h */ = {isa = PBXFileReference; fileEncoding = 4; lastKnownFileType = sourcecode.c.h; path = MMTVShowSeason.h; sourceTree = "<group>"; };
		007236BB16AD2EE6008C1623 /* MMTVShowSeason.m */ = {isa = PBXFileReference; fileEncoding = 4; lastKnownFileType = sourcecode.c.objc; path = MMTVShowSeason.m; sourceTree = "<group>"; };
		00B3F8A8132C2CDF003A4FCD /* libMediaManagement-iPhone.a */ = {isa = PBXFileReference; explicitFileType = archive.ar; includeInIndex = 0; path = "libMediaManagement-iPhone.a"; sourceTree = BUILT_PRODUCTS_DIR; };
		00B3F8A9132C2CF1003A4FCD /* libMediaManagement-x86.a */ = {isa = PBXFileReference; explicitFileType = archive.ar; includeInIndex = 0; path = "libMediaManagement-x86.a"; sourceTree = BUILT_PRODUCTS_DIR; };
		00E011061490976800E3C4F0 /* AppKit.framework */ = {isa = PBXFileReference; lastKnownFileType = wrapper.framework; name = AppKit.framework; path = System/Library/Frameworks/AppKit.framework; sourceTree = SDKROOT; };
		00E011071490976800E3C4F0 /* CoreData.framework */ = {isa = PBXFileReference; lastKnownFileType = wrapper.framework; name = CoreData.framework; path = System/Library/Frameworks/CoreData.framework; sourceTree = SDKROOT; };
		00E011081490976800E3C4F0 /* Foundation.framework */ = {isa = PBXFileReference; lastKnownFileType = wrapper.framework; name = Foundation.framework; path = System/Library/Frameworks/Foundation.framework; sourceTree = SDKROOT; };
		18F5D339C3054D9088C1FF34 /* Pods.xcconfig */ = {isa = PBXFileReference; includeInIndex = 1; lastKnownFileType = text.xcconfig; name = Pods.xcconfig; path = Pods/Pods.xcconfig; sourceTree = SOURCE_ROOT; };
		654DCA555B664A7388EC15D9 /* Pods.xcconfig */ = {isa = PBXFileReference; includeInIndex = 1; lastKnownFileType = text.xcconfig; name = Pods.xcconfig; path = Pods/Pods.xcconfig; sourceTree = SOURCE_ROOT; };
/* End PBXFileReference section */

/* Begin PBXFrameworksBuildPhase section */
		00323DB1132C2A96003BED87 /* Frameworks */ = {
			isa = PBXFrameworksBuildPhase;
			buildActionMask = 2147483647;
			files = (
				0072368716AD1642008C1623 /* Cocoa.framework in Frameworks */,
				0072368516AD1639008C1623 /* libPods.a in Frameworks */,
			);
			runOnlyForDeploymentPostprocessing = 0;
		};
		00323DD1132C2B21003BED87 /* Frameworks */ = {
			isa = PBXFrameworksBuildPhase;
			buildActionMask = 2147483647;
			files = (
				0072353C16AC1C22008C1623 /* libPods.a in Frameworks */,
				00323DD2132C2B21003BED87 /* Foundation.framework in Frameworks */,
			);
			runOnlyForDeploymentPostprocessing = 0;
		};
/* End PBXFrameworksBuildPhase section */

/* Begin PBXGroup section */
		00323D92132C29A8003BED87 = {
			isa = PBXGroup;
			children = (
				007234AB16AC1B54008C1623 /* MediaManagement */,
				00323D9F132C29A8003BED87 /* Frameworks */,
				00323D9E132C29A8003BED87 /* Products */,
				0028483214AFD48B003F5818 /* Rakefile */,
				654DCA555B664A7388EC15D9 /* Pods.xcconfig */,
				18F5D339C3054D9088C1FF34 /* Pods.xcconfig */,
			);
			sourceTree = "<group>";
			usesTabs = 0;
		};
		00323D9E132C29A8003BED87 /* Products */ = {
			isa = PBXGroup;
			children = (
				00B3F8A8132C2CDF003A4FCD /* libMediaManagement-iPhone.a */,
				00B3F8A9132C2CF1003A4FCD /* libMediaManagement-x86.a */,
			);
			name = Products;
			sourceTree = "<group>";
		};
		00323D9F132C29A8003BED87 /* Frameworks */ = {
			isa = PBXGroup;
			children = (
				0072353B16AC1C22008C1623 /* libPods.a */,
				0072368616AD1642008C1623 /* Cocoa.framework */,
				00323DA0132C29A8003BED87 /* Foundation.framework */,
				00E011051490976800E3C4F0 /* Other Frameworks */,
			);
			name = Frameworks;
			sourceTree = "<group>";
		};
		007234AB16AC1B54008C1623 /* MediaManagement */ = {
			isa = PBXGroup;
			children = (
				007234AC16AC1B54008C1623 /* assembler */,
				007234B316AC1B54008C1623 /* domain */,
				0072352A16AC1B69008C1623 /* MediaManagement-Prefix.pch */,
			);
			path = MediaManagement;
			sourceTree = "<group>";
		};
		007234AC16AC1B54008C1623 /* assembler */ = {
			isa = PBXGroup;
			children = (
				007234AD16AC1B54008C1623 /* content */,
				007234B016AC1B54008C1623 /* encoder */,
			);
			path = assembler;
			sourceTree = "<group>";
		};
		007234AD16AC1B54008C1623 /* content */ = {
			isa = PBXGroup;
			children = (
				007234AE16AC1B54008C1623 /* MMContentAssembler.h */,
				007234AF16AC1B54008C1623 /* MMContentAssembler.m */,
			);
			path = content;
			sourceTree = "<group>";
		};
		007234B016AC1B54008C1623 /* encoder */ = {
			isa = PBXGroup;
			children = (
				007234B116AC1B54008C1623 /* MMTitleAssembler.h */,
				007234B216AC1B54008C1623 /* MMTitleAssembler.m */,
			);
			path = encoder;
			sourceTree = "<group>";
		};
		007234B316AC1B54008C1623 /* domain */ = {
			isa = PBXGroup;
			children = (
				007234B416AC1B54008C1623 /* content */,
				007234BF16AC1B54008C1623 /* encoder */,
				007234CA16AC1B54008C1623 /* library */,
				007234CD16AC1B54008C1623 /* playlist */,
			);
			path = domain;
			sourceTree = "<group>";
		};
		007234B416AC1B54008C1623 /* content */ = {
			isa = PBXGroup;
			children = (
				007236AA16AD26FF008C1623 /* MMContentGroup.h */,
				007234B716AC1B54008C1623 /* MMContent.h */,
				007234B816AC1B54008C1623 /* MMContent.m */,
			);
			path = content;
			sourceTree = "<group>";
		};
		007234BF16AC1B54008C1623 /* encoder */ = {
			isa = PBXGroup;
			children = (
				007234C816AC1B54008C1623 /* MMTitleList.h */,
				007234C916AC1B54008C1623 /* MMTitleList.m */,
				007234C616AC1B54008C1623 /* MMTitle.h */,
				007234C716AC1B54008C1623 /* MMTitle.m */,
				007234C016AC1B54008C1623 /* MMAudioTrack.h */,
				007234C116AC1B54008C1623 /* MMAudioTrack.m */,
				007234C416AC1B54008C1623 /* MMSubtitleTrack.h */,
				007234C516AC1B54008C1623 /* MMSubtitleTrack.m */,
			);
			path = encoder;
			sourceTree = "<group>";
		};
		007234CA16AC1B54008C1623 /* library */ = {
			isa = PBXGroup;
			children = (
				007234CB16AC1B54008C1623 /* MMLibrary.h */,
				007234CC16AC1B54008C1623 /* MMLibrary.m */,
			);
			path = library;
			sourceTree = "<group>";
		};
		007234CD16AC1B54008C1623 /* playlist */ = {
			isa = PBXGroup;
			children = (
				007234CE16AC1B54008C1623 /* MMPlaylist.h */,
				007234CF16AC1B54008C1623 /* MMPlaylist.m */,
				007234D016AC1B54008C1623 /* MMPlaylistProtected.h */,
				007234D116AC1B54008C1623 /* movies */,
				007234D716AC1B54008C1623 /* server */,
				007234DA16AC1B54008C1623 /* shows */,
			);
			path = playlist;
			sourceTree = "<group>";
		};
		007234D116AC1B54008C1623 /* movies */ = {
			isa = PBXGroup;
			children = (
				007234D216AC1B54008C1623 /* MMMoviesPlaylist.h */,
				007234D316AC1B54008C1623 /* MMMoviesPlaylist.m */,
			);
			path = movies;
			sourceTree = "<group>";
		};
		007234D716AC1B54008C1623 /* server */ = {
			isa = PBXGroup;
			children = (
				007234D816AC1B54008C1623 /* MMGenericPlaylist.h */,
				007234D916AC1B54008C1623 /* MMGenericPlaylist.m */,
			);
			path = server;
			sourceTree = "<group>";
		};
		007234DA16AC1B54008C1623 /* shows */ = {
			isa = PBXGroup;
			children = (
				007234DB16AC1B54008C1623 /* MMTVShowPlaylist.h */,
				007234DC16AC1B54008C1623 /* MMTVShowPlaylist.m */,
				007236B416AD2E24008C1623 /* MMTVShow.h */,
				007236B516AD2E24008C1623 /* MMTVShow.m */,
				007236BA16AD2EE5008C1623 /* MMTVShowSeason.h */,
				007236BB16AD2EE6008C1623 /* MMTVShowSeason.m */,
			);
			path = shows;
			sourceTree = "<group>";
		};
		00E011051490976800E3C4F0 /* Other Frameworks */ = {
			isa = PBXGroup;
			children = (
				00E011061490976800E3C4F0 /* AppKit.framework */,
				00E011071490976800E3C4F0 /* CoreData.framework */,
				00E011081490976800E3C4F0 /* Foundation.framework */,
			);
			name = "Other Frameworks";
			sourceTree = "<group>";
		};
/* End PBXGroup section */

/* Begin PBXHeadersBuildPhase section */
		00323DB2132C2A96003BED87 /* Headers */ = {
			isa = PBXHeadersBuildPhase;
			buildActionMask = 2147483647;
			files = (
				007234DF16AC1B54008C1623 /* MMContentAssembler.h in Headers */,
				007234E316AC1B54008C1623 /* MMTitleAssembler.h in Headers */,
				007234EB16AC1B54008C1623 /* MMContent.h in Headers */,
				007234FB16AC1B54008C1623 /* MMAudioTrack.h in Headers */,
				0072350316AC1B54008C1623 /* MMSubtitleTrack.h in Headers */,
				0072350716AC1B54008C1623 /* MMTitle.h in Headers */,
				0072350B16AC1B54008C1623 /* MMTitleList.h in Headers */,
				0072350F16AC1B54008C1623 /* MMLibrary.h in Headers */,
				0072351316AC1B54008C1623 /* MMPlaylist.h in Headers */,
				0072351716AC1B54008C1623 /* MMPlaylistProtected.h in Headers */,
				0072351916AC1B54008C1623 /* MMMoviesPlaylist.h in Headers */,
				0072352116AC1B54008C1623 /* MMGenericPlaylist.h in Headers */,
				0072352516AC1B54008C1623 /* MMTVShowPlaylist.h in Headers */,
				0072352C16AC1B69008C1623 /* MediaManagement-Prefix.pch in Headers */,
				007236AB16AD2700008C1623 /* MMContentGroup.h in Headers */,
				007236B616AD2E25008C1623 /* MMTVShow.h in Headers */,
				007236BC16AD2EE7008C1623 /* MMTVShowSeason.h in Headers */,
			);
			runOnlyForDeploymentPostprocessing = 0;
		};
		00323DD3132C2B21003BED87 /* Headers */ = {
			isa = PBXHeadersBuildPhase;
			buildActionMask = 2147483647;
			files = (
				007234DE16AC1B54008C1623 /* MMContentAssembler.h in Headers */,
				007234E216AC1B54008C1623 /* MMTitleAssembler.h in Headers */,
				007234EA16AC1B54008C1623 /* MMContent.h in Headers */,
				007234FA16AC1B54008C1623 /* MMAudioTrack.h in Headers */,
				0072350216AC1B54008C1623 /* MMSubtitleTrack.h in Headers */,
				0072350616AC1B54008C1623 /* MMTitle.h in Headers */,
				0072350A16AC1B54008C1623 /* MMTitleList.h in Headers */,
				0072350E16AC1B54008C1623 /* MMLibrary.h in Headers */,
				0072351216AC1B54008C1623 /* MMPlaylist.h in Headers */,
				0072351616AC1B54008C1623 /* MMPlaylistProtected.h in Headers */,
				0072351816AC1B54008C1623 /* MMMoviesPlaylist.h in Headers */,
				0072352016AC1B54008C1623 /* MMGenericPlaylist.h in Headers */,
				0072352416AC1B54008C1623 /* MMTVShowPlaylist.h in Headers */,
				0072352B16AC1B69008C1623 /* MediaManagement-Prefix.pch in Headers */,
				007236AC16AD2700008C1623 /* MMContentGroup.h in Headers */,
				007236B716AD2E25008C1623 /* MMTVShow.h in Headers */,
				007236BD16AD2EE7008C1623 /* MMTVShowSeason.h in Headers */,
			);
			runOnlyForDeploymentPostprocessing = 0;
		};
/* End PBXHeadersBuildPhase section */

/* Begin PBXNativeTarget section */
		00323DB3132C2A96003BED87 /* MediaManagementx86 */ = {
			isa = PBXNativeTarget;
			buildConfigurationList = 00323DBE132C2A96003BED87 /* Build configuration list for PBXNativeTarget "MediaManagementx86" */;
			buildPhases = (
				00323DB0132C2A96003BED87 /* Sources */,
				00323DB1132C2A96003BED87 /* Frameworks */,
				00323DB2132C2A96003BED87 /* Headers */,
				3A6851FDFB424A9193F26763 /* Copy Pods Resources */,
			);
			buildRules = (
			);
			dependencies = (
			);
			name = MediaManagementx86;
			productName = MediaManagementComm;
			productReference = 00B3F8A9132C2CF1003A4FCD /* libMediaManagement-x86.a */;
			productType = "com.apple.product-type.library.static";
		};
		00323DCE132C2B21003BED87 /* MediaManagementARM */ = {
			isa = PBXNativeTarget;
			buildConfigurationList = 00323DD5132C2B21003BED87 /* Build configuration list for PBXNativeTarget "MediaManagementARM" */;
			buildPhases = (
				00323DCF132C2B21003BED87 /* Sources */,
				00323DD1132C2B21003BED87 /* Frameworks */,
				00323DD3132C2B21003BED87 /* Headers */,
			);
			buildRules = (
			);
			dependencies = (
			);
			name = MediaManagementARM;
			productName = MediaManagementCommon;
			productReference = 00B3F8A8132C2CDF003A4FCD /* libMediaManagement-iPhone.a */;
			productType = "com.apple.product-type.library.static";
		};
/* End PBXNativeTarget section */

/* Begin PBXProject section */
		00323D94132C29A8003BED87 /* Project object */ = {
			isa = PBXProject;
			attributes = {
				LastUpgradeCheck = 0450;
				ORGANIZATIONNAME = kra;
			};
			buildConfigurationList = 00323D97132C29A8003BED87 /* Build configuration list for PBXProject "MediaManagement" */;
			compatibilityVersion = "Xcode 3.2";
			developmentRegion = English;
			hasScannedForEncodings = 0;
			knownRegions = (
				en,
			);
			mainGroup = 00323D92132C29A8003BED87;
			productRefGroup = 00323D9E132C29A8003BED87 /* Products */;
			projectDirPath = "";
			projectRoot = "";
			targets = (
				00323DB3132C2A96003BED87 /* MediaManagementx86 */,
				00323DCE132C2B21003BED87 /* MediaManagementARM */,
			);
		};
/* End PBXProject section */

/* Begin PBXShellScriptBuildPhase section */
		3A6851FDFB424A9193F26763 /* Copy Pods Resources */ = {
			isa = PBXShellScriptBuildPhase;
			buildActionMask = 2147483647;
			files = (
			);
			inputPaths = (
			);
			name = "Copy Pods Resources";
			outputPaths = (
			);
			runOnlyForDeploymentPostprocessing = 0;
			shellPath = /bin/sh;
			shellScript = "\"${SRCROOT}/Pods/Pods-resources.sh\"\n";
		};
/* End PBXShellScriptBuildPhase section */

/* Begin PBXSourcesBuildPhase section */
		00323DB0132C2A96003BED87 /* Sources */ = {
			isa = PBXSourcesBuildPhase;
			buildActionMask = 2147483647;
			files = (
				007234E116AC1B54008C1623 /* MMContentAssembler.m in Sources */,
				007234E516AC1B54008C1623 /* MMTitleAssembler.m in Sources */,
				007234ED16AC1B54008C1623 /* MMContent.m in Sources */,
				007234FD16AC1B54008C1623 /* MMAudioTrack.m in Sources */,
				0072350516AC1B54008C1623 /* MMSubtitleTrack.m in Sources */,
				0072350916AC1B54008C1623 /* MMTitle.m in Sources */,
				0072350D16AC1B54008C1623 /* MMTitleList.m in Sources */,
				0072351116AC1B54008C1623 /* MMLibrary.m in Sources */,
				0072351516AC1B54008C1623 /* MMPlaylist.m in Sources */,
				0072351B16AC1B54008C1623 /* MMMoviesPlaylist.m in Sources */,
				0072352316AC1B54008C1623 /* MMGenericPlaylist.m in Sources */,
				0072352716AC1B54008C1623 /* MMTVShowPlaylist.m in Sources */,
				007236B816AD2E25008C1623 /* MMTVShow.m in Sources */,
				007236BE16AD2EE7008C1623 /* MMTVShowSeason.m in Sources */,
			);
			runOnlyForDeploymentPostprocessing = 0;
		};
		00323DCF132C2B21003BED87 /* Sources */ = {
			isa = PBXSourcesBuildPhase;
			buildActionMask = 2147483647;
			files = (
				007234E016AC1B54008C1623 /* MMContentAssembler.m in Sources */,
				007234E416AC1B54008C1623 /* MMTitleAssembler.m in Sources */,
				007234EC16AC1B54008C1623 /* MMContent.m in Sources */,
				007234FC16AC1B54008C1623 /* MMAudioTrack.m in Sources */,
				0072350416AC1B54008C1623 /* MMSubtitleTrack.m in Sources */,
				0072350816AC1B54008C1623 /* MMTitle.m in Sources */,
				0072350C16AC1B54008C1623 /* MMTitleList.m in Sources */,
				0072351016AC1B54008C1623 /* MMLibrary.m in Sources */,
				0072351416AC1B54008C1623 /* MMPlaylist.m in Sources */,
				0072351A16AC1B54008C1623 /* MMMoviesPlaylist.m in Sources */,
				0072352216AC1B54008C1623 /* MMGenericPlaylist.m in Sources */,
				0072352616AC1B54008C1623 /* MMTVShowPlaylist.m in Sources */,
				007236B916AD2E25008C1623 /* MMTVShow.m in Sources */,
				007236BF16AD2EE7008C1623 /* MMTVShowSeason.m in Sources */,
			);
			runOnlyForDeploymentPostprocessing = 0;
		};
/* End PBXSourcesBuildPhase section */

/* Begin XCBuildConfiguration section */
		00323DA5132C29A8003BED87 /* Debug */ = {
			isa = XCBuildConfiguration;
			baseConfigurationReference = 654DCA555B664A7388EC15D9 /* Pods.xcconfig */;
			buildSettings = {
				ARCHS = "$(ARCHS_STANDARD_32_BIT)";
				CLANG_ENABLE_OBJC_ARC = YES;
				GCC_C_LANGUAGE_STANDARD = gnu99;
				GCC_OPTIMIZATION_LEVEL = 0;
				GCC_PREPROCESSOR_DEFINITIONS = DEBUG;
				GCC_SYMBOLS_PRIVATE_EXTERN = NO;
				GCC_WARN_ABOUT_RETURN_TYPE = YES;
				GCC_WARN_UNUSED_VARIABLE = YES;
				IPHONEOS_DEPLOYMENT_TARGET = 5.0;
				MACOSX_DEPLOYMENT_TARGET = 10.7;
				SDKROOT = iphoneos;
			};
			name = Debug;
		};
		00323DA6132C29A8003BED87 /* Release */ = {
			isa = XCBuildConfiguration;
			baseConfigurationReference = 654DCA555B664A7388EC15D9 /* Pods.xcconfig */;
			buildSettings = {
				ARCHS = "$(ARCHS_STANDARD_32_BIT)";
				CLANG_ENABLE_OBJC_ARC = YES;
				GCC_C_LANGUAGE_STANDARD = gnu99;
				GCC_WARN_ABOUT_RETURN_TYPE = YES;
				GCC_WARN_UNUSED_VARIABLE = YES;
				IPHONEOS_DEPLOYMENT_TARGET = 5.0;
				MACOSX_DEPLOYMENT_TARGET = 10.7;
				SDKROOT = iphoneos;
			};
			name = Release;
		};
		00323DBF132C2A96003BED87 /* Debug */ = {
			isa = XCBuildConfiguration;
			baseConfigurationReference = 18F5D339C3054D9088C1FF34 /* Pods.xcconfig */;
			buildSettings = {
				ARCHS = "$(ARCHS_STANDARD_64_BIT)";
				COMBINE_HIDPI_IMAGES = YES;
				COPY_PHASE_STRIP = NO;
				DEBUG_INFORMATION_FORMAT = "dwarf-with-dsym";
				GCC_ENABLE_OBJC_EXCEPTIONS = YES;
				GCC_ENABLE_OBJC_GC = unsupported;
				GCC_PRECOMPILE_PREFIX_HEADER = YES;
				GCC_PREFIX_HEADER = "MediaManagement/MediaManagement-Prefix.pch";
				LIBRARY_SEARCH_PATHS = (
					"$(inherited)",
					"\"$(SRCROOT)/../../../../Library/Developer/Xcode/DerivedData/MediaManagement-fqaotokuygjbtsbuhsdccyolgqbu/Build/Products/Debug\"",
				);
				MACOSX_DEPLOYMENT_TARGET = 10.7;
				ONLY_ACTIVE_ARCH = NO;
				PRODUCT_NAME = "MediaManagement-x86";
				SDKROOT = macosx;
				SUPPORTED_PLATFORMS = macosx;
			};
			name = Debug;
		};
		00323DC0132C2A96003BED87 /* Release */ = {
			isa = XCBuildConfiguration;
			baseConfigurationReference = 18F5D339C3054D9088C1FF34 /* Pods.xcconfig */;
			buildSettings = {
				ARCHS = "$(ARCHS_STANDARD_64_BIT)";
				COMBINE_HIDPI_IMAGES = YES;
				COPY_PHASE_STRIP = YES;
				DEBUG_INFORMATION_FORMAT = "dwarf-with-dsym";
				GCC_ENABLE_OBJC_EXCEPTIONS = YES;
				GCC_ENABLE_OBJC_GC = unsupported;
				GCC_PRECOMPILE_PREFIX_HEADER = YES;
				GCC_PREFIX_HEADER = "MediaManagement/MediaManagement-Prefix.pch";
				LIBRARY_SEARCH_PATHS = (
					"$(inherited)",
					"\"$(SRCROOT)/../../../../Library/Developer/Xcode/DerivedData/MediaManagement-fqaotokuygjbtsbuhsdccyolgqbu/Build/Products/Debug\"",
				);
				MACOSX_DEPLOYMENT_TARGET = 10.7;
				PRODUCT_NAME = "MediaManagement-x86";
				SDKROOT = macosx;
				SUPPORTED_PLATFORMS = macosx;
			};
			name = Release;
		};
		00323DD6132C2B21003BED87 /* Debug */ = {
			isa = XCBuildConfiguration;
			buildSettings = {
				GCC_PRECOMPILE_PREFIX_HEADER = YES;
				GCC_PREFIX_HEADER = "MediaManagement/MediaManagement-Prefix.pch";
				LIBRARY_SEARCH_PATHS = (
					"$(inherited)",
					"\"$(SRCROOT)/../../../../Library/Developer/Xcode/DerivedData/MediaManagementCommon-adnhlyxagtzjexajjomlnqkyqqpo/Build/Products/Debug\"",
					"\"$(SRCROOT)/../../../../Library/Developer/Xcode/DerivedData/MediaManagement-fqaotokuygjbtsbuhsdccyolgqbu/Build/Products/Debug\"",
				);
				OTHER_LDFLAGS = "-ObjC";
				PRODUCT_NAME = "MediaManagement-iPhone";
			};
			name = Debug;
		};
		00323DD7132C2B21003BED87 /* Release */ = {
			isa = XCBuildConfiguration;
			buildSettings = {
				GCC_PRECOMPILE_PREFIX_HEADER = YES;
				GCC_PREFIX_HEADER = "MediaManagement/MediaManagement-Prefix.pch";
				LIBRARY_SEARCH_PATHS = (
					"$(inherited)",
					"\"$(SRCROOT)/../../../../Library/Developer/Xcode/DerivedData/MediaManagementCommon-adnhlyxagtzjexajjomlnqkyqqpo/Build/Products/Debug\"",
					"\"$(SRCROOT)/../../../../Library/Developer/Xcode/DerivedData/MediaManagement-fqaotokuygjbtsbuhsdccyolgqbu/Build/Products/Debug\"",
				);
				OTHER_LDFLAGS = "-ObjC";
				PRODUCT_NAME = "MediaManagement-iPhone";
			};
			name = Release;
		};
/* End XCBuildConfiguration section */

/* Begin XCConfigurationList section */
		00323D97132C29A8003BED87 /* Build configuration list for PBXProject "MediaManagement" */ = {
			isa = XCConfigurationList;
			buildConfigurations = (
				00323DA5132C29A8003BED87 /* Debug */,
				00323DA6132C29A8003BED87 /* Release */,
			);
			defaultConfigurationIsVisible = 0;
			defaultConfigurationName = Release;
		};
		00323DBE132C2A96003BED87 /* Build configuration list for PBXNativeTarget "MediaManagementx86" */ = {
			isa = XCConfigurationList;
			buildConfigurations = (
				00323DBF132C2A96003BED87 /* Debug */,
				00323DC0132C2A96003BED87 /* Release */,
			);
			defaultConfigurationIsVisible = 0;
			defaultConfigurationName = Release;
		};
		00323DD5132C2B21003BED87 /* Build configuration list for PBXNativeTarget "MediaManagementARM" */ = {
			isa = XCConfigurationList;
			buildConfigurations = (
				00323DD6132C2B21003BED87 /* Debug */,
				00323DD7132C2B21003BED87 /* Release */,
			);
			defaultConfigurationIsVisible = 0;
			defaultConfigurationName = Release;
		};
/* End XCConfigurationList section */
	};
	rootObject = 00323D94132C29A8003BED87 /* Project object */;
}
